{
  "version": 4,
  "terraform_version": "1.3.3",
  "serial": 75,
  "lineage": "071df5ee-0ece-bde2-0c72-8ed2d6bb9071",
  "outputs": {},
  "resources": [
    {
      "mode": "data",
      "type": "azurerm_resource_group",
      "name": "appds",
      "provider": "provider[\"registry.terraform.io/hashicorp/azurerm\"]",
      "instances": [
        {
          "schema_version": 0,
          "attributes": {
            "id": "/subscriptions/fec1a8c7-3053-43ab-b51d-9fcc38bd9399/resourceGroups/zgebs-workbench-dev-application-rg",
            "location": "northeurope",
            "name": "zgebs-workbench-dev-application-rg",
            "tags": {},
            "timeouts": null
          },
          "sensitive_attributes": []
        }
      ]
    },
    {
      "mode": "data",
      "type": "azurerm_resource_group",
      "name": "storageds",
      "provider": "provider[\"registry.terraform.io/hashicorp/azurerm\"]",
      "instances": []
    },
    {
      "mode": "data",
      "type": "azurerm_service_plan",
      "name": "functionplan",
      "provider": "provider[\"registry.terraform.io/hashicorp/azurerm\"]",
      "instances": []
    },
    {
      "mode": "data",
      "type": "azurerm_storage_account",
      "name": "storageds",
      "provider": "provider[\"registry.terraform.io/hashicorp/azurerm\"]",
      "instances": []
    },
    {
      "module": "module.app-insights",
      "mode": "managed",
      "type": "azurerm_application_insights",
      "name": "appinsights",
      "provider": "provider[\"registry.terraform.io/hashicorp/azurerm\"]",
      "instances": [
        {
          "schema_version": 1,
          "attributes": {
            "app_id": "bf5624a7-100c-429f-a013-38b479d58451",
            "application_type": "web",
            "connection_string": "InstrumentationKey=e57e9e4a-8ec5-4235-adec-69fec79fbcd8;IngestionEndpoint=https://northeurope-2.in.applicationinsights.azure.com/;LiveEndpoint=https://northeurope.livediagnostics.monitor.azure.com/",
            "daily_data_cap_in_gb": 100,
            "daily_data_cap_notifications_disabled": false,
            "disable_ip_masking": false,
            "force_customer_storage_for_profiler": false,
            "id": "/subscriptions/fec1a8c7-3053-43ab-b51d-9fcc38bd9399/resourceGroups/zgebs-workbench-dev-application-rg/providers/Microsoft.Insights/components/zgebs-wb-dev-shared-ai-ne01",
            "instrumentation_key": "e57e9e4a-8ec5-4235-adec-69fec79fbcd8",
            "internet_ingestion_enabled": true,
            "internet_query_enabled": true,
            "local_authentication_disabled": false,
            "location": "northeurope",
            "name": "zgebs-wb-dev-shared-ai-ne01",
            "resource_group_name": "zgebs-workbench-dev-application-rg",
            "retention_in_days": 90,
            "sampling_percentage": 100,
            "tags": null,
            "timeouts": null,
            "workspace_id": "/subscriptions/fec1a8c7-3053-43ab-b51d-9fcc38bd9399/resourceGroups/zgebs-workbench-dev-application-rg/providers/Microsoft.OperationalInsights/workspaces/zgebs-web-dev-law-ne01"
          },
          "sensitive_attributes": [],
          "private": "eyJlMmJmYjczMC1lY2FhLTExZTYtOGY4OC0zNDM2M2JjN2M0YzAiOnsiY3JlYXRlIjozNjAwMDAwMDAwMDAwLCJkZWxldGUiOjE4MDAwMDAwMDAwMDAsInJlYWQiOjMwMDAwMDAwMDAwMCwidXBkYXRlIjoxODAwMDAwMDAwMDAwfSwic2NoZW1hX3ZlcnNpb24iOiIxIn0=",
          "dependencies": [
            "module.app-insights.azurerm_log_analytics_workspace.logaw"
          ]
        }
      ]
    },
    {
      "module": "module.app-insights",
      "mode": "managed",
      "type": "azurerm_log_analytics_workspace",
      "name": "logaw",
      "provider": "provider[\"registry.terraform.io/hashicorp/azurerm\"]",
      "instances": [
        {
          "schema_version": 3,
          "attributes": {
            "allow_resource_only_permissions": true,
            "cmk_for_query_forced": false,
            "daily_quota_gb": -1,
            "id": "/subscriptions/fec1a8c7-3053-43ab-b51d-9fcc38bd9399/resourceGroups/zgebs-workbench-dev-application-rg/providers/Microsoft.OperationalInsights/workspaces/zgebs-web-dev-law-ne01",
            "internet_ingestion_enabled": true,
            "internet_query_enabled": true,
            "local_authentication_disabled": false,
            "location": "northeurope",
            "name": "zgebs-web-dev-law-ne01",
            "primary_shared_key": "1hrdM9lxpQK2Suq8+JdQAbL5CXNdN0NCu6zvZEsTsTdClP9IGhS1PyUKzIXNU8qD0RlnMKktN+2b9qHEYfohQg==",
            "reservation_capacity_in_gb_per_day": null,
            "resource_group_name": "zgebs-workbench-dev-application-rg",
            "retention_in_days": 30,
            "secondary_shared_key": "A0vZN5WFhyAx5lR3mET2ZiwN7tB9uXK8HmJfqWHGzhJfiNx6fTgw6jNDiDiDz04dnZq7eau7rrhIfyhCJFBCMw==",
            "sku": "PerGB2018",
            "tags": null,
            "timeouts": null,
            "workspace_id": "5d806129-7bb6-438e-8b02-612a2b976e67"
          },
          "sensitive_attributes": [],
          "private": "eyJlMmJmYjczMC1lY2FhLTExZTYtOGY4OC0zNDM2M2JjN2M0YzAiOnsiY3JlYXRlIjoxODAwMDAwMDAwMDAwLCJkZWxldGUiOjE4MDAwMDAwMDAwMDAsInJlYWQiOjMwMDAwMDAwMDAwMCwidXBkYXRlIjoxODAwMDAwMDAwMDAwfSwic2NoZW1hX3ZlcnNpb24iOiIzIn0="
        }
      ]
    },
    {
      "module": "module.app-service",
      "mode": "managed",
      "type": "azurerm_resource_group",
      "name": "app",
      "provider": "provider[\"registry.terraform.io/hashicorp/azurerm\"]",
      "instances": [
        {
          "schema_version": 0,
          "attributes": {
            "id": "/subscriptions/fec1a8c7-3053-43ab-b51d-9fcc38bd9399/resourceGroups/zgebs-workbench-dev-application-rg",
            "location": "northeurope",
            "name": "zgebs-workbench-dev-application-rg",
            "tags": {},
            "timeouts": null
          },
          "sensitive_attributes": [],
          "private": "eyJlMmJmYjczMC1lY2FhLTExZTYtOGY4OC0zNDM2M2JjN2M0YzAiOnsiY3JlYXRlIjo1NDAwMDAwMDAwMDAwLCJkZWxldGUiOjU0MDAwMDAwMDAwMDAsInJlYWQiOjMwMDAwMDAwMDAwMCwidXBkYXRlIjo1NDAwMDAwMDAwMDAwfX0="
        }
      ]
    },
    {
      "module": "module.app-service",
      "mode": "managed",
      "type": "azurerm_service_plan",
      "name": "app",
      "provider": "provider[\"registry.terraform.io/hashicorp/azurerm\"]",
      "instances": [
        {
          "schema_version": 0,
          "attributes": {
            "app_service_environment_id": "",
            "id": "/subscriptions/fec1a8c7-3053-43ab-b51d-9fcc38bd9399/resourceGroups/zgebs-workbench-dev-application-rg/providers/Microsoft.Web/serverfarms/plan-1987010878",
            "kind": "app",
            "location": "northeurope",
            "maximum_elastic_worker_count": 1,
            "name": "plan-1987010878",
            "os_type": "Windows",
            "per_site_scaling_enabled": false,
            "reserved": false,
            "resource_group_name": "zgebs-workbench-dev-application-rg",
            "sku_name": "P1v2",
            "tags": null,
            "timeouts": null,
            "worker_count": 1,
            "zone_balancing_enabled": false
          },
          "sensitive_attributes": [],
          "private": "eyJlMmJmYjczMC1lY2FhLTExZTYtOGY4OC0zNDM2M2JjN2M0YzAiOnsiY3JlYXRlIjozNjAwMDAwMDAwMDAwLCJkZWxldGUiOjM2MDAwMDAwMDAwMDAsInJlYWQiOjMwMDAwMDAwMDAwMCwidXBkYXRlIjozNjAwMDAwMDAwMDAwfX0="
        }
      ]
    },
    {
      "module": "module.app-service",
      "mode": "managed",
      "type": "azurerm_windows_web_app",
      "name": "api_webapp",
      "provider": "provider[\"registry.terraform.io/hashicorp/azurerm\"]",
      "instances": [
        {
          "schema_version": 0,
          "attributes": {
            "app_settings": null,
            "auth_settings": [],
            "auth_settings_v2": [],
            "backup": [],
            "client_affinity_enabled": false,
            "client_certificate_enabled": false,
            "client_certificate_exclusion_paths": "",
            "client_certificate_mode": "Required",
            "connection_string": [],
            "custom_domain_verification_id": "EF7ACC1196953A72EBB1B51C1D448D1699325C9A9CF7820D51A90BE70736BE63",
            "default_hostname": "zgebs-wb-dev-api-wapp-ne-0598.azurewebsites.net",
            "enabled": true,
            "https_only": false,
            "id": "/subscriptions/fec1a8c7-3053-43ab-b51d-9fcc38bd9399/resourceGroups/zgebs-workbench-dev-application-rg/providers/Microsoft.Web/sites/zgebs-wb-dev-api-wapp-ne-0598",
            "identity": [],
            "key_vault_reference_identity_id": "SystemAssigned",
            "kind": "app",
            "location": "northeurope",
            "logs": [],
            "name": "zgebs-wb-dev-api-wapp-ne-0598",
            "outbound_ip_address_list": [
              "20.223.48.184",
              "20.223.48.185",
              "20.223.48.190",
              "20.223.48.191",
              "20.223.48.196",
              "20.223.48.197",
              "20.107.224.19"
            ],
            "outbound_ip_addresses": "20.223.48.184,20.223.48.185,20.223.48.190,20.223.48.191,20.223.48.196,20.223.48.197,20.107.224.19",
            "possible_outbound_ip_address_list": [
              "20.223.48.136",
              "20.223.48.137",
              "20.223.48.150",
              "20.223.48.151",
              "20.223.48.170",
              "20.223.48.171",
              "20.223.48.184",
              "20.223.48.185",
              "20.223.48.190",
              "20.223.48.191",
              "20.223.48.196",
              "20.223.48.197",
              "20.223.48.246",
              "20.223.48.247",
              "20.223.49.4",
              "20.223.49.5",
              "20.223.49.30",
              "20.223.49.31",
              "20.223.49.38",
              "20.223.49.39",
              "20.223.49.40",
              "20.223.49.41",
              "20.223.49.44",
              "20.223.49.45",
              "20.223.49.50",
              "20.223.49.51",
              "20.223.49.54",
              "20.223.49.55",
              "20.223.49.56",
              "20.223.49.57",
              "20.107.224.19"
            ],
            "possible_outbound_ip_addresses": "20.223.48.136,20.223.48.137,20.223.48.150,20.223.48.151,20.223.48.170,20.223.48.171,20.223.48.184,20.223.48.185,20.223.48.190,20.223.48.191,20.223.48.196,20.223.48.197,20.223.48.246,20.223.48.247,20.223.49.4,20.223.49.5,20.223.49.30,20.223.49.31,20.223.49.38,20.223.49.39,20.223.49.40,20.223.49.41,20.223.49.44,20.223.49.45,20.223.49.50,20.223.49.51,20.223.49.54,20.223.49.55,20.223.49.56,20.223.49.57,20.107.224.19",
            "resource_group_name": "zgebs-workbench-dev-application-rg",
            "service_plan_id": "/subscriptions/fec1a8c7-3053-43ab-b51d-9fcc38bd9399/resourceGroups/zgebs-workbench-dev-application-rg/providers/Microsoft.Web/serverfarms/plan-1987010878",
            "site_config": [
              {
                "always_on": true,
                "api_definition_url": "",
                "api_management_api_id": "",
                "app_command_line": "",
                "application_stack": [
                  {
                    "current_stack": "",
                    "docker_container_name": "",
                    "docker_container_registry": "",
                    "docker_container_tag": "",
                    "dotnet_core_version": "",
                    "dotnet_version": "",
                    "java_container": "",
                    "java_container_version": "",
                    "java_embedded_server_enabled": false,
                    "java_version": "",
                    "node_version": "",
                    "php_version": "5.6",
                    "python": false,
                    "python_version": "",
                    "tomcat_version": ""
                  }
                ],
                "auto_heal_enabled": false,
                "auto_heal_setting": [],
                "container_registry_managed_identity_client_id": "",
                "container_registry_use_managed_identity": false,
                "cors": [],
                "default_documents": [
                  "Default.htm",
                  "Default.html",
                  "Default.asp",
                  "index.htm",
                  "index.html",
                  "iisstart.htm",
                  "default.aspx",
                  "index.php",
                  "hostingstart.html"
                ],
                "detailed_error_logging_enabled": false,
                "ftps_state": "Disabled",
                "health_check_eviction_time_in_min": 0,
                "health_check_path": "",
                "http2_enabled": false,
                "ip_restriction": [],
                "linux_fx_version": "",
                "load_balancing_mode": "LeastRequests",
                "local_mysql_enabled": false,
                "managed_pipeline_mode": "Integrated",
                "minimum_tls_version": "1.2",
                "remote_debugging_enabled": false,
                "remote_debugging_version": "VS2019",
                "scm_ip_restriction": [],
                "scm_minimum_tls_version": "1.2",
                "scm_type": "None",
                "scm_use_main_ip_restriction": false,
                "use_32_bit_worker": true,
                "virtual_application": [],
                "vnet_route_all_enabled": false,
                "websockets_enabled": false,
                "windows_fx_version": "",
                "worker_count": 1
              }
            ],
            "site_credential": [
              {
                "name": "$zgebs-wb-dev-api-wapp-ne-0598",
                "password": "jJCbXkuDbMKErzK1jwsQYmnGK6WJZxFkw1tELdPh9vHw1Heov2ZBhjojDGMa"
              }
            ],
            "sticky_settings": [],
            "storage_account": [],
            "tags": null,
            "timeouts": null,
            "virtual_network_subnet_id": "",
            "zip_deploy_file": ""
          },
          "sensitive_attributes": [],
          "private": "eyJlMmJmYjczMC1lY2FhLTExZTYtOGY4OC0zNDM2M2JjN2M0YzAiOnsiY3JlYXRlIjoxODAwMDAwMDAwMDAwLCJkZWxldGUiOjE4MDAwMDAwMDAwMDAsInJlYWQiOjMwMDAwMDAwMDAwMCwidXBkYXRlIjoxODAwMDAwMDAwMDAwfX0=",
          "dependencies": [
            "module.app-service.azurerm_service_plan.app"
          ]
        }
      ]
    },
    {
      "module": "module.app-service",
      "mode": "managed",
      "type": "azurerm_windows_web_app",
      "name": "dgv_webapp",
      "provider": "provider[\"registry.terraform.io/hashicorp/azurerm\"]",
      "instances": [
        {
          "schema_version": 0,
          "attributes": {
            "app_settings": null,
            "auth_settings": [],
            "auth_settings_v2": [],
            "backup": [],
            "client_affinity_enabled": false,
            "client_certificate_enabled": false,
            "client_certificate_exclusion_paths": "",
            "client_certificate_mode": "Required",
            "connection_string": [],
            "custom_domain_verification_id": "EF7ACC1196953A72EBB1B51C1D448D1699325C9A9CF7820D51A90BE70736BE63",
            "default_hostname": "zgebs-wb-dev-dgv-wapp-ne-0598.azurewebsites.net",
            "enabled": true,
            "https_only": false,
            "id": "/subscriptions/fec1a8c7-3053-43ab-b51d-9fcc38bd9399/resourceGroups/zgebs-workbench-dev-application-rg/providers/Microsoft.Web/sites/zgebs-wb-dev-dgv-wapp-ne-0598",
            "identity": [],
            "key_vault_reference_identity_id": "SystemAssigned",
            "kind": "app",
            "location": "northeurope",
            "logs": [],
            "name": "zgebs-wb-dev-dgv-wapp-ne-0598",
            "outbound_ip_address_list": [
              "20.223.48.184",
              "20.223.48.185",
              "20.223.48.190",
              "20.223.48.191",
              "20.223.48.196",
              "20.223.48.197",
              "20.107.224.19"
            ],
            "outbound_ip_addresses": "20.223.48.184,20.223.48.185,20.223.48.190,20.223.48.191,20.223.48.196,20.223.48.197,20.107.224.19",
            "possible_outbound_ip_address_list": [
              "20.223.48.136",
              "20.223.48.137",
              "20.223.48.150",
              "20.223.48.151",
              "20.223.48.170",
              "20.223.48.171",
              "20.223.48.184",
              "20.223.48.185",
              "20.223.48.190",
              "20.223.48.191",
              "20.223.48.196",
              "20.223.48.197",
              "20.223.48.246",
              "20.223.48.247",
              "20.223.49.4",
              "20.223.49.5",
              "20.223.49.30",
              "20.223.49.31",
              "20.223.49.38",
              "20.223.49.39",
              "20.223.49.40",
              "20.223.49.41",
              "20.223.49.44",
              "20.223.49.45",
              "20.223.49.50",
              "20.223.49.51",
              "20.223.49.54",
              "20.223.49.55",
              "20.223.49.56",
              "20.223.49.57",
              "20.107.224.19"
            ],
            "possible_outbound_ip_addresses": "20.223.48.136,20.223.48.137,20.223.48.150,20.223.48.151,20.223.48.170,20.223.48.171,20.223.48.184,20.223.48.185,20.223.48.190,20.223.48.191,20.223.48.196,20.223.48.197,20.223.48.246,20.223.48.247,20.223.49.4,20.223.49.5,20.223.49.30,20.223.49.31,20.223.49.38,20.223.49.39,20.223.49.40,20.223.49.41,20.223.49.44,20.223.49.45,20.223.49.50,20.223.49.51,20.223.49.54,20.223.49.55,20.223.49.56,20.223.49.57,20.107.224.19",
            "resource_group_name": "zgebs-workbench-dev-application-rg",
            "service_plan_id": "/subscriptions/fec1a8c7-3053-43ab-b51d-9fcc38bd9399/resourceGroups/zgebs-workbench-dev-application-rg/providers/Microsoft.Web/serverfarms/plan-1987010878",
            "site_config": [
              {
                "always_on": true,
                "api_definition_url": "",
                "api_management_api_id": "",
                "app_command_line": "",
                "application_stack": [
                  {
                    "current_stack": "",
                    "docker_container_name": "",
                    "docker_container_registry": "",
                    "docker_container_tag": "",
                    "dotnet_core_version": "",
                    "dotnet_version": "",
                    "java_container": "",
                    "java_container_version": "",
                    "java_embedded_server_enabled": false,
                    "java_version": "",
                    "node_version": "",
                    "php_version": "5.6",
                    "python": false,
                    "python_version": "",
                    "tomcat_version": ""
                  }
                ],
                "auto_heal_enabled": false,
                "auto_heal_setting": [],
                "container_registry_managed_identity_client_id": "",
                "container_registry_use_managed_identity": false,
                "cors": [],
                "default_documents": [
                  "Default.htm",
                  "Default.html",
                  "Default.asp",
                  "index.htm",
                  "index.html",
                  "iisstart.htm",
                  "default.aspx",
                  "index.php",
                  "hostingstart.html"
                ],
                "detailed_error_logging_enabled": false,
                "ftps_state": "Disabled",
                "health_check_eviction_time_in_min": 0,
                "health_check_path": "",
                "http2_enabled": false,
                "ip_restriction": [],
                "linux_fx_version": "",
                "load_balancing_mode": "LeastRequests",
                "local_mysql_enabled": false,
                "managed_pipeline_mode": "Integrated",
                "minimum_tls_version": "1.2",
                "remote_debugging_enabled": false,
                "remote_debugging_version": "VS2019",
                "scm_ip_restriction": [],
                "scm_minimum_tls_version": "1.2",
                "scm_type": "None",
                "scm_use_main_ip_restriction": false,
                "use_32_bit_worker": true,
                "virtual_application": [],
                "vnet_route_all_enabled": false,
                "websockets_enabled": false,
                "windows_fx_version": "",
                "worker_count": 1
              }
            ],
            "site_credential": [
              {
                "name": "$zgebs-wb-dev-dgv-wapp-ne-0598",
                "password": "cf8gqHdprGYprYpKqec0gCnCE3d3bhm7gqi3vk2Xp7Rmo8fi0RLmaZgkvYyS"
              }
            ],
            "sticky_settings": [],
            "storage_account": [],
            "tags": null,
            "timeouts": null,
            "virtual_network_subnet_id": "",
            "zip_deploy_file": ""
          },
          "sensitive_attributes": [],
          "private": "eyJlMmJmYjczMC1lY2FhLTExZTYtOGY4OC0zNDM2M2JjN2M0YzAiOnsiY3JlYXRlIjoxODAwMDAwMDAwMDAwLCJkZWxldGUiOjE4MDAwMDAwMDAwMDAsInJlYWQiOjMwMDAwMDAwMDAwMCwidXBkYXRlIjoxODAwMDAwMDAwMDAwfX0=",
          "dependencies": [
            "module.app-service.azurerm_service_plan.app"
          ]
        }
      ]
    },
    {
      "module": "module.app-service",
      "mode": "managed",
      "type": "azurerm_windows_web_app",
      "name": "fcsd_webapp",
      "provider": "provider[\"registry.terraform.io/hashicorp/azurerm\"]",
      "instances": [
        {
          "schema_version": 0,
          "attributes": {
            "app_settings": null,
            "auth_settings": [],
            "auth_settings_v2": [],
            "backup": [],
            "client_affinity_enabled": false,
            "client_certificate_enabled": false,
            "client_certificate_exclusion_paths": "",
            "client_certificate_mode": "Required",
            "connection_string": [],
            "custom_domain_verification_id": "EF7ACC1196953A72EBB1B51C1D448D1699325C9A9CF7820D51A90BE70736BE63",
            "default_hostname": "zgebs-wb-dev-fcsd-wapp-ne-0598.azurewebsites.net",
            "enabled": true,
            "https_only": false,
            "id": "/subscriptions/fec1a8c7-3053-43ab-b51d-9fcc38bd9399/resourceGroups/zgebs-workbench-dev-application-rg/providers/Microsoft.Web/sites/zgebs-wb-dev-fcsd-wapp-ne-0598",
            "identity": [],
            "key_vault_reference_identity_id": "SystemAssigned",
            "kind": "app",
            "location": "northeurope",
            "logs": [],
            "name": "zgebs-wb-dev-fcsd-wapp-ne-0598",
            "outbound_ip_address_list": [
              "20.223.48.184",
              "20.223.48.185",
              "20.223.48.190",
              "20.223.48.191",
              "20.223.48.196",
              "20.223.48.197",
              "20.107.224.19"
            ],
            "outbound_ip_addresses": "20.223.48.184,20.223.48.185,20.223.48.190,20.223.48.191,20.223.48.196,20.223.48.197,20.107.224.19",
            "possible_outbound_ip_address_list": [
              "20.223.48.136",
              "20.223.48.137",
              "20.223.48.150",
              "20.223.48.151",
              "20.223.48.170",
              "20.223.48.171",
              "20.223.48.184",
              "20.223.48.185",
              "20.223.48.190",
              "20.223.48.191",
              "20.223.48.196",
              "20.223.48.197",
              "20.223.48.246",
              "20.223.48.247",
              "20.223.49.4",
              "20.223.49.5",
              "20.223.49.30",
              "20.223.49.31",
              "20.223.49.38",
              "20.223.49.39",
              "20.223.49.40",
              "20.223.49.41",
              "20.223.49.44",
              "20.223.49.45",
              "20.223.49.50",
              "20.223.49.51",
              "20.223.49.54",
              "20.223.49.55",
              "20.223.49.56",
              "20.223.49.57",
              "20.107.224.19"
            ],
            "possible_outbound_ip_addresses": "20.223.48.136,20.223.48.137,20.223.48.150,20.223.48.151,20.223.48.170,20.223.48.171,20.223.48.184,20.223.48.185,20.223.48.190,20.223.48.191,20.223.48.196,20.223.48.197,20.223.48.246,20.223.48.247,20.223.49.4,20.223.49.5,20.223.49.30,20.223.49.31,20.223.49.38,20.223.49.39,20.223.49.40,20.223.49.41,20.223.49.44,20.223.49.45,20.223.49.50,20.223.49.51,20.223.49.54,20.223.49.55,20.223.49.56,20.223.49.57,20.107.224.19",
            "resource_group_name": "zgebs-workbench-dev-application-rg",
            "service_plan_id": "/subscriptions/fec1a8c7-3053-43ab-b51d-9fcc38bd9399/resourceGroups/zgebs-workbench-dev-application-rg/providers/Microsoft.Web/serverfarms/plan-1987010878",
            "site_config": [
              {
                "always_on": true,
                "api_definition_url": "",
                "api_management_api_id": "",
                "app_command_line": "",
                "application_stack": [
                  {
                    "current_stack": "",
                    "docker_container_name": "",
                    "docker_container_registry": "",
                    "docker_container_tag": "",
                    "dotnet_core_version": "",
                    "dotnet_version": "",
                    "java_container": "",
                    "java_container_version": "",
                    "java_embedded_server_enabled": false,
                    "java_version": "",
                    "node_version": "",
                    "php_version": "5.6",
                    "python": false,
                    "python_version": "",
                    "tomcat_version": ""
                  }
                ],
                "auto_heal_enabled": false,
                "auto_heal_setting": [],
                "container_registry_managed_identity_client_id": "",
                "container_registry_use_managed_identity": false,
                "cors": [],
                "default_documents": [
                  "Default.htm",
                  "Default.html",
                  "Default.asp",
                  "index.htm",
                  "index.html",
                  "iisstart.htm",
                  "default.aspx",
                  "index.php",
                  "hostingstart.html"
                ],
                "detailed_error_logging_enabled": false,
                "ftps_state": "Disabled",
                "health_check_eviction_time_in_min": 0,
                "health_check_path": "",
                "http2_enabled": false,
                "ip_restriction": [],
                "linux_fx_version": "",
                "load_balancing_mode": "LeastRequests",
                "local_mysql_enabled": false,
                "managed_pipeline_mode": "Integrated",
                "minimum_tls_version": "1.2",
                "remote_debugging_enabled": false,
                "remote_debugging_version": "VS2019",
                "scm_ip_restriction": [],
                "scm_minimum_tls_version": "1.2",
                "scm_type": "None",
                "scm_use_main_ip_restriction": false,
                "use_32_bit_worker": true,
                "virtual_application": [],
                "vnet_route_all_enabled": false,
                "websockets_enabled": false,
                "windows_fx_version": "",
                "worker_count": 1
              }
            ],
            "site_credential": [
              {
                "name": "$zgebs-wb-dev-fcsd-wapp-ne-0598",
                "password": "oJm6YLlzabaxn8Da8kTbeCxNt8zCbysoAGAouxHA1gNGHlZonYTnSfkDv8HW"
              }
            ],
            "sticky_settings": [],
            "storage_account": [],
            "tags": null,
            "timeouts": null,
            "virtual_network_subnet_id": "",
            "zip_deploy_file": ""
          },
          "sensitive_attributes": [],
          "private": "eyJlMmJmYjczMC1lY2FhLTExZTYtOGY4OC0zNDM2M2JjN2M0YzAiOnsiY3JlYXRlIjoxODAwMDAwMDAwMDAwLCJkZWxldGUiOjE4MDAwMDAwMDAwMDAsInJlYWQiOjMwMDAwMDAwMDAwMCwidXBkYXRlIjoxODAwMDAwMDAwMDAwfX0=",
          "dependencies": [
            "module.app-service.azurerm_service_plan.app"
          ]
        }
      ]
    },
    {
      "module": "module.app-service",
      "mode": "managed",
      "type": "azurerm_windows_web_app",
      "name": "lpa_webapp",
      "provider": "provider[\"registry.terraform.io/hashicorp/azurerm\"]",
      "instances": [
        {
          "schema_version": 0,
          "attributes": {
            "app_settings": null,
            "auth_settings": [],
            "auth_settings_v2": [],
            "backup": [],
            "client_affinity_enabled": false,
            "client_certificate_enabled": false,
            "client_certificate_exclusion_paths": "",
            "client_certificate_mode": "Required",
            "connection_string": [],
            "custom_domain_verification_id": "EF7ACC1196953A72EBB1B51C1D448D1699325C9A9CF7820D51A90BE70736BE63",
            "default_hostname": "zgebs-wb-dev-lpa-wapp-ne-0598.azurewebsites.net",
            "enabled": true,
            "https_only": false,
            "id": "/subscriptions/fec1a8c7-3053-43ab-b51d-9fcc38bd9399/resourceGroups/zgebs-workbench-dev-application-rg/providers/Microsoft.Web/sites/zgebs-wb-dev-lpa-wapp-ne-0598",
            "identity": [],
            "key_vault_reference_identity_id": "SystemAssigned",
            "kind": "app",
            "location": "northeurope",
            "logs": [],
            "name": "zgebs-wb-dev-lpa-wapp-ne-0598",
            "outbound_ip_address_list": [
              "20.223.48.184",
              "20.223.48.185",
              "20.223.48.190",
              "20.223.48.191",
              "20.223.48.196",
              "20.223.48.197",
              "20.107.224.19"
            ],
            "outbound_ip_addresses": "20.223.48.184,20.223.48.185,20.223.48.190,20.223.48.191,20.223.48.196,20.223.48.197,20.107.224.19",
            "possible_outbound_ip_address_list": [
              "20.223.48.136",
              "20.223.48.137",
              "20.223.48.150",
              "20.223.48.151",
              "20.223.48.170",
              "20.223.48.171",
              "20.223.48.184",
              "20.223.48.185",
              "20.223.48.190",
              "20.223.48.191",
              "20.223.48.196",
              "20.223.48.197",
              "20.223.48.246",
              "20.223.48.247",
              "20.223.49.4",
              "20.223.49.5",
              "20.223.49.30",
              "20.223.49.31",
              "20.223.49.38",
              "20.223.49.39",
              "20.223.49.40",
              "20.223.49.41",
              "20.223.49.44",
              "20.223.49.45",
              "20.223.49.50",
              "20.223.49.51",
              "20.223.49.54",
              "20.223.49.55",
              "20.223.49.56",
              "20.223.49.57",
              "20.107.224.19"
            ],
            "possible_outbound_ip_addresses": "20.223.48.136,20.223.48.137,20.223.48.150,20.223.48.151,20.223.48.170,20.223.48.171,20.223.48.184,20.223.48.185,20.223.48.190,20.223.48.191,20.223.48.196,20.223.48.197,20.223.48.246,20.223.48.247,20.223.49.4,20.223.49.5,20.223.49.30,20.223.49.31,20.223.49.38,20.223.49.39,20.223.49.40,20.223.49.41,20.223.49.44,20.223.49.45,20.223.49.50,20.223.49.51,20.223.49.54,20.223.49.55,20.223.49.56,20.223.49.57,20.107.224.19",
            "resource_group_name": "zgebs-workbench-dev-application-rg",
            "service_plan_id": "/subscriptions/fec1a8c7-3053-43ab-b51d-9fcc38bd9399/resourceGroups/zgebs-workbench-dev-application-rg/providers/Microsoft.Web/serverfarms/plan-1987010878",
            "site_config": [
              {
                "always_on": true,
                "api_definition_url": "",
                "api_management_api_id": "",
                "app_command_line": "",
                "application_stack": [
                  {
                    "current_stack": "",
                    "docker_container_name": "",
                    "docker_container_registry": "",
                    "docker_container_tag": "",
                    "dotnet_core_version": "",
                    "dotnet_version": "",
                    "java_container": "",
                    "java_container_version": "",
                    "java_embedded_server_enabled": false,
                    "java_version": "",
                    "node_version": "",
                    "php_version": "5.6",
                    "python": false,
                    "python_version": "",
                    "tomcat_version": ""
                  }
                ],
                "auto_heal_enabled": false,
                "auto_heal_setting": [],
                "container_registry_managed_identity_client_id": "",
                "container_registry_use_managed_identity": false,
                "cors": [],
                "default_documents": [
                  "Default.htm",
                  "Default.html",
                  "Default.asp",
                  "index.htm",
                  "index.html",
                  "iisstart.htm",
                  "default.aspx",
                  "index.php",
                  "hostingstart.html"
                ],
                "detailed_error_logging_enabled": false,
                "ftps_state": "Disabled",
                "health_check_eviction_time_in_min": 0,
                "health_check_path": "",
                "http2_enabled": false,
                "ip_restriction": [],
                "linux_fx_version": "",
                "load_balancing_mode": "LeastRequests",
                "local_mysql_enabled": false,
                "managed_pipeline_mode": "Integrated",
                "minimum_tls_version": "1.2",
                "remote_debugging_enabled": false,
                "remote_debugging_version": "VS2019",
                "scm_ip_restriction": [],
                "scm_minimum_tls_version": "1.2",
                "scm_type": "None",
                "scm_use_main_ip_restriction": false,
                "use_32_bit_worker": true,
                "virtual_application": [],
                "vnet_route_all_enabled": false,
                "websockets_enabled": false,
                "windows_fx_version": "",
                "worker_count": 1
              }
            ],
            "site_credential": [
              {
                "name": "$zgebs-wb-dev-lpa-wapp-ne-0598",
                "password": "yraQhi0DEzpSjs8Avi5ZAvskZhd1dkYWXtnzKhkHFeFPKhrNf9fzmwlaGb3r"
              }
            ],
            "sticky_settings": [],
            "storage_account": [],
            "tags": null,
            "timeouts": null,
            "virtual_network_subnet_id": "",
            "zip_deploy_file": ""
          },
          "sensitive_attributes": [],
          "private": "eyJlMmJmYjczMC1lY2FhLTExZTYtOGY4OC0zNDM2M2JjN2M0YzAiOnsiY3JlYXRlIjoxODAwMDAwMDAwMDAwLCJkZWxldGUiOjE4MDAwMDAwMDAwMDAsInJlYWQiOjMwMDAwMDAwMDAwMCwidXBkYXRlIjoxODAwMDAwMDAwMDAwfX0=",
          "dependencies": [
            "module.app-service.azurerm_service_plan.app"
          ]
        }
      ]
    },
    {
      "module": "module.app-service",
      "mode": "managed",
      "type": "azurerm_windows_web_app",
      "name": "mzsa_webapp",
      "provider": "provider[\"registry.terraform.io/hashicorp/azurerm\"]",
      "instances": [
        {
          "schema_version": 0,
          "attributes": {
            "app_settings": null,
            "auth_settings": [],
            "auth_settings_v2": [],
            "backup": [],
            "client_affinity_enabled": false,
            "client_certificate_enabled": false,
            "client_certificate_exclusion_paths": "",
            "client_certificate_mode": "Required",
            "connection_string": [],
            "custom_domain_verification_id": "EF7ACC1196953A72EBB1B51C1D448D1699325C9A9CF7820D51A90BE70736BE63",
            "default_hostname": "zgebs-wb-dev-mzsa-wapp-ne-0598.azurewebsites.net",
            "enabled": true,
            "https_only": false,
            "id": "/subscriptions/fec1a8c7-3053-43ab-b51d-9fcc38bd9399/resourceGroups/zgebs-workbench-dev-application-rg/providers/Microsoft.Web/sites/zgebs-wb-dev-mzsa-wapp-ne-0598",
            "identity": [],
            "key_vault_reference_identity_id": "SystemAssigned",
            "kind": "app",
            "location": "northeurope",
            "logs": [],
            "name": "zgebs-wb-dev-mzsa-wapp-ne-0598",
            "outbound_ip_address_list": [
              "20.223.48.184",
              "20.223.48.185",
              "20.223.48.190",
              "20.223.48.191",
              "20.223.48.196",
              "20.223.48.197",
              "20.107.224.19"
            ],
            "outbound_ip_addresses": "20.223.48.184,20.223.48.185,20.223.48.190,20.223.48.191,20.223.48.196,20.223.48.197,20.107.224.19",
            "possible_outbound_ip_address_list": [
              "20.223.48.136",
              "20.223.48.137",
              "20.223.48.150",
              "20.223.48.151",
              "20.223.48.170",
              "20.223.48.171",
              "20.223.48.184",
              "20.223.48.185",
              "20.223.48.190",
              "20.223.48.191",
              "20.223.48.196",
              "20.223.48.197",
              "20.223.48.246",
              "20.223.48.247",
              "20.223.49.4",
              "20.223.49.5",
              "20.223.49.30",
              "20.223.49.31",
              "20.223.49.38",
              "20.223.49.39",
              "20.223.49.40",
              "20.223.49.41",
              "20.223.49.44",
              "20.223.49.45",
              "20.223.49.50",
              "20.223.49.51",
              "20.223.49.54",
              "20.223.49.55",
              "20.223.49.56",
              "20.223.49.57",
              "20.107.224.19"
            ],
            "possible_outbound_ip_addresses": "20.223.48.136,20.223.48.137,20.223.48.150,20.223.48.151,20.223.48.170,20.223.48.171,20.223.48.184,20.223.48.185,20.223.48.190,20.223.48.191,20.223.48.196,20.223.48.197,20.223.48.246,20.223.48.247,20.223.49.4,20.223.49.5,20.223.49.30,20.223.49.31,20.223.49.38,20.223.49.39,20.223.49.40,20.223.49.41,20.223.49.44,20.223.49.45,20.223.49.50,20.223.49.51,20.223.49.54,20.223.49.55,20.223.49.56,20.223.49.57,20.107.224.19",
            "resource_group_name": "zgebs-workbench-dev-application-rg",
            "service_plan_id": "/subscriptions/fec1a8c7-3053-43ab-b51d-9fcc38bd9399/resourceGroups/zgebs-workbench-dev-application-rg/providers/Microsoft.Web/serverfarms/plan-1987010878",
            "site_config": [
              {
                "always_on": true,
                "api_definition_url": "",
                "api_management_api_id": "",
                "app_command_line": "",
                "application_stack": [
                  {
                    "current_stack": "",
                    "docker_container_name": "",
                    "docker_container_registry": "",
                    "docker_container_tag": "",
                    "dotnet_core_version": "",
                    "dotnet_version": "",
                    "java_container": "",
                    "java_container_version": "",
                    "java_embedded_server_enabled": false,
                    "java_version": "",
                    "node_version": "",
                    "php_version": "5.6",
                    "python": false,
                    "python_version": "",
                    "tomcat_version": ""
                  }
                ],
                "auto_heal_enabled": false,
                "auto_heal_setting": [],
                "container_registry_managed_identity_client_id": "",
                "container_registry_use_managed_identity": false,
                "cors": [],
                "default_documents": [
                  "Default.htm",
                  "Default.html",
                  "Default.asp",
                  "index.htm",
                  "index.html",
                  "iisstart.htm",
                  "default.aspx",
                  "index.php",
                  "hostingstart.html"
                ],
                "detailed_error_logging_enabled": false,
                "ftps_state": "Disabled",
                "health_check_eviction_time_in_min": 0,
                "health_check_path": "",
                "http2_enabled": false,
                "ip_restriction": [],
                "linux_fx_version": "",
                "load_balancing_mode": "LeastRequests",
                "local_mysql_enabled": false,
                "managed_pipeline_mode": "Integrated",
                "minimum_tls_version": "1.2",
                "remote_debugging_enabled": false,
                "remote_debugging_version": "VS2019",
                "scm_ip_restriction": [],
                "scm_minimum_tls_version": "1.2",
                "scm_type": "None",
                "scm_use_main_ip_restriction": false,
                "use_32_bit_worker": true,
                "virtual_application": [],
                "vnet_route_all_enabled": false,
                "websockets_enabled": false,
                "windows_fx_version": "",
                "worker_count": 1
              }
            ],
            "site_credential": [
              {
                "name": "$zgebs-wb-dev-mzsa-wapp-ne-0598",
                "password": "CrX8M20DKeTTSlvzXHdSJEQ7Z4zPnQmxsdgTblmNLjaakpXh8jFDxcsND3au"
              }
            ],
            "sticky_settings": [],
            "storage_account": [],
            "tags": null,
            "timeouts": null,
            "virtual_network_subnet_id": "",
            "zip_deploy_file": ""
          },
          "sensitive_attributes": [],
          "private": "eyJlMmJmYjczMC1lY2FhLTExZTYtOGY4OC0zNDM2M2JjN2M0YzAiOnsiY3JlYXRlIjoxODAwMDAwMDAwMDAwLCJkZWxldGUiOjE4MDAwMDAwMDAwMDAsInJlYWQiOjMwMDAwMDAwMDAwMCwidXBkYXRlIjoxODAwMDAwMDAwMDAwfX0=",
          "dependencies": [
            "module.app-service.azurerm_service_plan.app"
          ]
        }
      ]
    },
    {
      "module": "module.app-service",
      "mode": "managed",
      "type": "azurerm_windows_web_app",
      "name": "nwp_webapp",
      "provider": "provider[\"registry.terraform.io/hashicorp/azurerm\"]",
      "instances": [
        {
          "schema_version": 0,
          "attributes": {
            "app_settings": null,
            "auth_settings": [],
            "auth_settings_v2": [],
            "backup": [],
            "client_affinity_enabled": false,
            "client_certificate_enabled": false,
            "client_certificate_exclusion_paths": "",
            "client_certificate_mode": "Required",
            "connection_string": [],
            "custom_domain_verification_id": "EF7ACC1196953A72EBB1B51C1D448D1699325C9A9CF7820D51A90BE70736BE63",
            "default_hostname": "zgebs-wb-dev-nwp-wapp-ne-0598.azurewebsites.net",
            "enabled": true,
            "https_only": false,
            "id": "/subscriptions/fec1a8c7-3053-43ab-b51d-9fcc38bd9399/resourceGroups/zgebs-workbench-dev-application-rg/providers/Microsoft.Web/sites/zgebs-wb-dev-nwp-wapp-ne-0598",
            "identity": [],
            "key_vault_reference_identity_id": "SystemAssigned",
            "kind": "app",
            "location": "northeurope",
            "logs": [],
            "name": "zgebs-wb-dev-nwp-wapp-ne-0598",
            "outbound_ip_address_list": [
              "20.223.48.184",
              "20.223.48.185",
              "20.223.48.190",
              "20.223.48.191",
              "20.223.48.196",
              "20.223.48.197",
              "20.107.224.19"
            ],
            "outbound_ip_addresses": "20.223.48.184,20.223.48.185,20.223.48.190,20.223.48.191,20.223.48.196,20.223.48.197,20.107.224.19",
            "possible_outbound_ip_address_list": [
              "20.223.48.136",
              "20.223.48.137",
              "20.223.48.150",
              "20.223.48.151",
              "20.223.48.170",
              "20.223.48.171",
              "20.223.48.184",
              "20.223.48.185",
              "20.223.48.190",
              "20.223.48.191",
              "20.223.48.196",
              "20.223.48.197",
              "20.223.48.246",
              "20.223.48.247",
              "20.223.49.4",
              "20.223.49.5",
              "20.223.49.30",
              "20.223.49.31",
              "20.223.49.38",
              "20.223.49.39",
              "20.223.49.40",
              "20.223.49.41",
              "20.223.49.44",
              "20.223.49.45",
              "20.223.49.50",
              "20.223.49.51",
              "20.223.49.54",
              "20.223.49.55",
              "20.223.49.56",
              "20.223.49.57",
              "20.107.224.19"
            ],
            "possible_outbound_ip_addresses": "20.223.48.136,20.223.48.137,20.223.48.150,20.223.48.151,20.223.48.170,20.223.48.171,20.223.48.184,20.223.48.185,20.223.48.190,20.223.48.191,20.223.48.196,20.223.48.197,20.223.48.246,20.223.48.247,20.223.49.4,20.223.49.5,20.223.49.30,20.223.49.31,20.223.49.38,20.223.49.39,20.223.49.40,20.223.49.41,20.223.49.44,20.223.49.45,20.223.49.50,20.223.49.51,20.223.49.54,20.223.49.55,20.223.49.56,20.223.49.57,20.107.224.19",
            "resource_group_name": "zgebs-workbench-dev-application-rg",
            "service_plan_id": "/subscriptions/fec1a8c7-3053-43ab-b51d-9fcc38bd9399/resourceGroups/zgebs-workbench-dev-application-rg/providers/Microsoft.Web/serverfarms/plan-1987010878",
            "site_config": [
              {
                "always_on": true,
                "api_definition_url": "",
                "api_management_api_id": "",
                "app_command_line": "",
                "application_stack": [
                  {
                    "current_stack": "",
                    "docker_container_name": "",
                    "docker_container_registry": "",
                    "docker_container_tag": "",
                    "dotnet_core_version": "",
                    "dotnet_version": "",
                    "java_container": "",
                    "java_container_version": "",
                    "java_embedded_server_enabled": false,
                    "java_version": "",
                    "node_version": "",
                    "php_version": "5.6",
                    "python": false,
                    "python_version": "",
                    "tomcat_version": ""
                  }
                ],
                "auto_heal_enabled": false,
                "auto_heal_setting": [],
                "container_registry_managed_identity_client_id": "",
                "container_registry_use_managed_identity": false,
                "cors": [],
                "default_documents": [
                  "Default.htm",
                  "Default.html",
                  "Default.asp",
                  "index.htm",
                  "index.html",
                  "iisstart.htm",
                  "default.aspx",
                  "index.php",
                  "hostingstart.html"
                ],
                "detailed_error_logging_enabled": false,
                "ftps_state": "Disabled",
                "health_check_eviction_time_in_min": 0,
                "health_check_path": "",
                "http2_enabled": false,
                "ip_restriction": [],
                "linux_fx_version": "",
                "load_balancing_mode": "LeastRequests",
                "local_mysql_enabled": false,
                "managed_pipeline_mode": "Integrated",
                "minimum_tls_version": "1.2",
                "remote_debugging_enabled": false,
                "remote_debugging_version": "VS2019",
                "scm_ip_restriction": [],
                "scm_minimum_tls_version": "1.2",
                "scm_type": "None",
                "scm_use_main_ip_restriction": false,
                "use_32_bit_worker": true,
                "virtual_application": [],
                "vnet_route_all_enabled": false,
                "websockets_enabled": false,
                "windows_fx_version": "",
                "worker_count": 1
              }
            ],
            "site_credential": [
              {
                "name": "$zgebs-wb-dev-nwp-wapp-ne-0598",
                "password": "iM3XGJ0RijoRoGkQSl3ag369PKMwmgfPS8wthqudLidjnf8KSpqJaepo2Y1W"
              }
            ],
            "sticky_settings": [],
            "storage_account": [],
            "tags": null,
            "timeouts": null,
            "virtual_network_subnet_id": "",
            "zip_deploy_file": ""
          },
          "sensitive_attributes": [],
          "private": "eyJlMmJmYjczMC1lY2FhLTExZTYtOGY4OC0zNDM2M2JjN2M0YzAiOnsiY3JlYXRlIjoxODAwMDAwMDAwMDAwLCJkZWxldGUiOjE4MDAwMDAwMDAwMDAsInJlYWQiOjMwMDAwMDAwMDAwMCwidXBkYXRlIjoxODAwMDAwMDAwMDAwfX0=",
          "dependencies": [
            "module.app-service.azurerm_service_plan.app"
          ]
        }
      ]
    },
    {
      "module": "module.app-service",
      "mode": "managed",
      "type": "azurerm_windows_web_app",
      "name": "zhrz_webapp",
      "provider": "provider[\"registry.terraform.io/hashicorp/azurerm\"]",
      "instances": [
        {
          "schema_version": 0,
          "attributes": {
            "app_settings": null,
            "auth_settings": [],
            "auth_settings_v2": [],
            "backup": [],
            "client_affinity_enabled": false,
            "client_certificate_enabled": false,
            "client_certificate_exclusion_paths": "",
            "client_certificate_mode": "Required",
            "connection_string": [],
            "custom_domain_verification_id": "EF7ACC1196953A72EBB1B51C1D448D1699325C9A9CF7820D51A90BE70736BE63",
            "default_hostname": "zgebs-wb-dev-zhrz-wapp-ne-0598.azurewebsites.net",
            "enabled": true,
            "https_only": false,
            "id": "/subscriptions/fec1a8c7-3053-43ab-b51d-9fcc38bd9399/resourceGroups/zgebs-workbench-dev-application-rg/providers/Microsoft.Web/sites/zgebs-wb-dev-zhrz-wapp-ne-0598",
            "identity": [],
            "key_vault_reference_identity_id": "SystemAssigned",
            "kind": "app",
            "location": "northeurope",
            "logs": [],
            "name": "zgebs-wb-dev-zhrz-wapp-ne-0598",
            "outbound_ip_address_list": [
              "20.223.48.184",
              "20.223.48.185",
              "20.223.48.190",
              "20.223.48.191",
              "20.223.48.196",
              "20.223.48.197",
              "20.107.224.19"
            ],
            "outbound_ip_addresses": "20.223.48.184,20.223.48.185,20.223.48.190,20.223.48.191,20.223.48.196,20.223.48.197,20.107.224.19",
            "possible_outbound_ip_address_list": [
              "20.223.48.136",
              "20.223.48.137",
              "20.223.48.150",
              "20.223.48.151",
              "20.223.48.170",
              "20.223.48.171",
              "20.223.48.184",
              "20.223.48.185",
              "20.223.48.190",
              "20.223.48.191",
              "20.223.48.196",
              "20.223.48.197",
              "20.223.48.246",
              "20.223.48.247",
              "20.223.49.4",
              "20.223.49.5",
              "20.223.49.30",
              "20.223.49.31",
              "20.223.49.38",
              "20.223.49.39",
              "20.223.49.40",
              "20.223.49.41",
              "20.223.49.44",
              "20.223.49.45",
              "20.223.49.50",
              "20.223.49.51",
              "20.223.49.54",
              "20.223.49.55",
              "20.223.49.56",
              "20.223.49.57",
              "20.107.224.19"
            ],
            "possible_outbound_ip_addresses": "20.223.48.136,20.223.48.137,20.223.48.150,20.223.48.151,20.223.48.170,20.223.48.171,20.223.48.184,20.223.48.185,20.223.48.190,20.223.48.191,20.223.48.196,20.223.48.197,20.223.48.246,20.223.48.247,20.223.49.4,20.223.49.5,20.223.49.30,20.223.49.31,20.223.49.38,20.223.49.39,20.223.49.40,20.223.49.41,20.223.49.44,20.223.49.45,20.223.49.50,20.223.49.51,20.223.49.54,20.223.49.55,20.223.49.56,20.223.49.57,20.107.224.19",
            "resource_group_name": "zgebs-workbench-dev-application-rg",
            "service_plan_id": "/subscriptions/fec1a8c7-3053-43ab-b51d-9fcc38bd9399/resourceGroups/zgebs-workbench-dev-application-rg/providers/Microsoft.Web/serverfarms/plan-1987010878",
            "site_config": [
              {
                "always_on": true,
                "api_definition_url": "",
                "api_management_api_id": "",
                "app_command_line": "",
                "application_stack": [
                  {
                    "current_stack": "",
                    "docker_container_name": "",
                    "docker_container_registry": "",
                    "docker_container_tag": "",
                    "dotnet_core_version": "",
                    "dotnet_version": "",
                    "java_container": "",
                    "java_container_version": "",
                    "java_embedded_server_enabled": false,
                    "java_version": "",
                    "node_version": "",
                    "php_version": "5.6",
                    "python": false,
                    "python_version": "",
                    "tomcat_version": ""
                  }
                ],
                "auto_heal_enabled": false,
                "auto_heal_setting": [],
                "container_registry_managed_identity_client_id": "",
                "container_registry_use_managed_identity": false,
                "cors": [],
                "default_documents": [
                  "Default.htm",
                  "Default.html",
                  "Default.asp",
                  "index.htm",
                  "index.html",
                  "iisstart.htm",
                  "default.aspx",
                  "index.php",
                  "hostingstart.html"
                ],
                "detailed_error_logging_enabled": false,
                "ftps_state": "Disabled",
                "health_check_eviction_time_in_min": 0,
                "health_check_path": "",
                "http2_enabled": false,
                "ip_restriction": [],
                "linux_fx_version": "",
                "load_balancing_mode": "LeastRequests",
                "local_mysql_enabled": false,
                "managed_pipeline_mode": "Integrated",
                "minimum_tls_version": "1.2",
                "remote_debugging_enabled": false,
                "remote_debugging_version": "VS2019",
                "scm_ip_restriction": [],
                "scm_minimum_tls_version": "1.2",
                "scm_type": "None",
                "scm_use_main_ip_restriction": false,
                "use_32_bit_worker": true,
                "virtual_application": [],
                "vnet_route_all_enabled": false,
                "websockets_enabled": false,
                "windows_fx_version": "",
                "worker_count": 1
              }
            ],
            "site_credential": [
              {
                "name": "$zgebs-wb-dev-zhrz-wapp-ne-0598",
                "password": "go8ivsL6EwMYZbSQEsoCiMt7ALpYKlqCjMsawtXwcr3Peu9c7E9d7r7dpNhq"
              }
            ],
            "sticky_settings": [],
            "storage_account": [],
            "tags": null,
            "timeouts": null,
            "virtual_network_subnet_id": "",
            "zip_deploy_file": ""
          },
          "sensitive_attributes": [],
          "private": "eyJlMmJmYjczMC1lY2FhLTExZTYtOGY4OC0zNDM2M2JjN2M0YzAiOnsiY3JlYXRlIjoxODAwMDAwMDAwMDAwLCJkZWxldGUiOjE4MDAwMDAwMDAwMDAsInJlYWQiOjMwMDAwMDAwMDAwMCwidXBkYXRlIjoxODAwMDAwMDAwMDAwfX0=",
          "dependencies": [
            "module.app-service.azurerm_service_plan.app"
          ]
        }
      ]
    },
    {
      "module": "module.keyvault",
      "mode": "data",
      "type": "azurerm_client_config",
      "name": "current",
      "provider": "provider[\"registry.terraform.io/hashicorp/azurerm\"]",
      "instances": [
        {
          "schema_version": 0,
          "attributes": {
            "client_id": "04b07795-8ddb-461a-bbee-02f9e1bf7b46",
            "id": "Y2xpZW50Q29uZmlncy9jbGllbnRJZD0wNGIwNzc5NS04ZGRiLTQ2MWEtYmJlZS0wMmY5ZTFiZjdiNDY7b2JqZWN0SWQ9ZWFhYzUxYjQtMGY4MS00ZDY1LTg4MTEtMjJiNjRmMjQ5NmZhO3N1YnNjcmlwdGlvbklkPWZlYzFhOGM3LTMwNTMtNDNhYi1iNTFkLTlmY2MzOGJkOTM5OTt0ZW5hbnRJZD03YmUzNjQyNy0yY2RjLTQyNTUtOGZjZS0wNzRkNGM1MjBiMDQ=",
            "object_id": "eaac51b4-0f81-4d65-8811-22b64f2496fa",
            "subscription_id": "fec1a8c7-3053-43ab-b51d-9fcc38bd9399",
            "tenant_id": "7be36427-2cdc-4255-8fce-074d4c520b04",
            "timeouts": null
          },
          "sensitive_attributes": []
        }
      ]
    },
    {
      "module": "module.keyvault",
      "mode": "managed",
      "type": "azurerm_key_vault",
      "name": "kv",
      "provider": "provider[\"registry.terraform.io/hashicorp/azurerm\"]",
      "instances": [
        {
          "schema_version": 2,
          "attributes": {
            "access_policy": [
              {
                "application_id": "",
                "certificate_permissions": [],
                "key_permissions": [
                  "Get",
                  "Create",
                  "Delete",
                  "Encrypt",
                  "Backup",
                  "List",
                  "Recover",
                  "Update"
                ],
                "object_id": "eaac51b4-0f81-4d65-8811-22b64f2496fa",
                "secret_permissions": [
                  "Get",
                  "Backup",
                  "Delete",
                  "List",
                  "Purge",
                  "Recover",
                  "Restore",
                  "Set"
                ],
                "storage_permissions": [
                  "Get",
                  "Delete",
                  "Backup",
                  "List",
                  "Update"
                ],
                "tenant_id": "7be36427-2cdc-4255-8fce-074d4c520b04"
              }
            ],
            "contact": [],
            "enable_rbac_authorization": false,
            "enabled_for_deployment": false,
            "enabled_for_disk_encryption": true,
            "enabled_for_template_deployment": false,
            "id": "/subscriptions/fec1a8c7-3053-43ab-b51d-9fcc38bd9399/resourceGroups/zgebs-workbench-dev-keyvault-rg/providers/Microsoft.KeyVault/vaults/zgebs-wb-dev-shrdkv-1997",
            "location": "northeurope",
            "name": "zgebs-wb-dev-shrdkv-1997",
            "network_acls": [
              {
                "bypass": "AzureServices",
                "default_action": "Allow",
                "ip_rules": [],
                "virtual_network_subnet_ids": []
              }
            ],
            "public_network_access_enabled": true,
            "purge_protection_enabled": false,
            "resource_group_name": "zgebs-workbench-dev-keyvault-rg",
            "sku_name": "standard",
            "soft_delete_retention_days": 90,
            "tags": {},
            "tenant_id": "7be36427-2cdc-4255-8fce-074d4c520b04",
            "timeouts": null,
            "vault_uri": "https://zgebs-wb-dev-shrdkv-1997.vault.azure.net/"
          },
          "sensitive_attributes": [],
          "private": "eyJlMmJmYjczMC1lY2FhLTExZTYtOGY4OC0zNDM2M2JjN2M0YzAiOnsiY3JlYXRlIjoxODAwMDAwMDAwMDAwLCJkZWxldGUiOjE4MDAwMDAwMDAwMDAsInJlYWQiOjMwMDAwMDAwMDAwMCwidXBkYXRlIjoxODAwMDAwMDAwMDAwfSwic2NoZW1hX3ZlcnNpb24iOiIyIn0=",
          "dependencies": [
            "module.keyvault.azurerm_resource_group.keyvault",
            "module.keyvault.data.azurerm_client_config.current"
          ]
        }
      ]
    },
    {
      "module": "module.keyvault",
      "mode": "managed",
      "type": "azurerm_resource_group",
      "name": "keyvault",
      "provider": "provider[\"registry.terraform.io/hashicorp/azurerm\"]",
      "instances": [
        {
          "schema_version": 0,
          "attributes": {
            "id": "/subscriptions/fec1a8c7-3053-43ab-b51d-9fcc38bd9399/resourceGroups/zgebs-workbench-dev-keyvault-rg",
            "location": "northeurope",
            "name": "zgebs-workbench-dev-keyvault-rg",
            "tags": {},
            "timeouts": null
          },
          "sensitive_attributes": [],
          "private": "eyJlMmJmYjczMC1lY2FhLTExZTYtOGY4OC0zNDM2M2JjN2M0YzAiOnsiY3JlYXRlIjo1NDAwMDAwMDAwMDAwLCJkZWxldGUiOjU0MDAwMDAwMDAwMDAsInJlYWQiOjMwMDAwMDAwMDAwMCwidXBkYXRlIjo1NDAwMDAwMDAwMDAwfX0="
        }
      ]
    },
    {
      "module": "module.network",
      "mode": "managed",
      "type": "azurerm_network_security_group",
      "name": "nsg",
      "provider": "provider[\"registry.terraform.io/hashicorp/azurerm\"]",
      "instances": [
        {
          "schema_version": 0,
          "attributes": {
            "id": "/subscriptions/fec1a8c7-3053-43ab-b51d-9fcc38bd9399/resourceGroups/zgebs-workbench-dev-neu-vnet-rg/providers/Microsoft.Network/networkSecurityGroups/workbench-dev-neu-vnet-nsg1",
            "location": "northeurope",
            "name": "workbench-dev-neu-vnet-nsg1",
            "resource_group_name": "zgebs-workbench-dev-neu-vnet-rg",
            "security_rule": [
              {
                "access": "Allow",
                "description": "",
                "destination_address_prefix": "*",
                "destination_address_prefixes": [],
                "destination_application_security_group_ids": [],
                "destination_port_range": "*",
                "destination_port_ranges": [],
                "direction": "Inbound",
                "name": "test123",
                "priority": 100,
                "protocol": "Tcp",
                "source_address_prefix": "*",
                "source_address_prefixes": [],
                "source_application_security_group_ids": [],
                "source_port_range": "*",
                "source_port_ranges": []
              }
            ],
            "tags": {},
            "timeouts": null
          },
          "sensitive_attributes": [],
          "private": "eyJlMmJmYjczMC1lY2FhLTExZTYtOGY4OC0zNDM2M2JjN2M0YzAiOnsiY3JlYXRlIjoxODAwMDAwMDAwMDAwLCJkZWxldGUiOjE4MDAwMDAwMDAwMDAsInJlYWQiOjMwMDAwMDAwMDAwMCwidXBkYXRlIjoxODAwMDAwMDAwMDAwfX0=",
          "dependencies": [
            "module.network.azurerm_resource_group.network"
          ]
        }
      ]
    },
    {
      "module": "module.network",
      "mode": "managed",
      "type": "azurerm_resource_group",
      "name": "network",
      "provider": "provider[\"registry.terraform.io/hashicorp/azurerm\"]",
      "instances": [
        {
          "schema_version": 0,
          "attributes": {
            "id": "/subscriptions/fec1a8c7-3053-43ab-b51d-9fcc38bd9399/resourceGroups/zgebs-workbench-dev-neu-vnet-rg",
            "location": "northeurope",
            "name": "zgebs-workbench-dev-neu-vnet-rg",
            "tags": {},
            "timeouts": null
          },
          "sensitive_attributes": [],
          "private": "eyJlMmJmYjczMC1lY2FhLTExZTYtOGY4OC0zNDM2M2JjN2M0YzAiOnsiY3JlYXRlIjo1NDAwMDAwMDAwMDAwLCJkZWxldGUiOjU0MDAwMDAwMDAwMDAsInJlYWQiOjMwMDAwMDAwMDAwMCwidXBkYXRlIjo1NDAwMDAwMDAwMDAwfX0="
        }
      ]
    },
    {
      "module": "module.network",
      "mode": "managed",
      "type": "azurerm_route_table",
      "name": "rt",
      "provider": "provider[\"registry.terraform.io/hashicorp/azurerm\"]",
      "instances": [
        {
          "schema_version": 0,
          "attributes": {
            "disable_bgp_route_propagation": false,
            "id": "/subscriptions/fec1a8c7-3053-43ab-b51d-9fcc38bd9399/resourceGroups/zgebs-workbench-dev-neu-vnet-rg/providers/Microsoft.Network/routeTables/workbench-dev-neu-vnet-rt1",
            "location": "northeurope",
            "name": "workbench-dev-neu-vnet-rt1",
            "resource_group_name": "zgebs-workbench-dev-neu-vnet-rg",
            "route": [
              {
                "address_prefix": "10.100.0.0/14",
                "name": "example",
                "next_hop_in_ip_address": "10.10.1.1",
                "next_hop_type": "VirtualAppliance"
              }
            ],
            "subnets": [
              "/subscriptions/fec1a8c7-3053-43ab-b51d-9fcc38bd9399/resourceGroups/zgebs-workbench-dev-neu-vnet-rg/providers/Microsoft.Network/virtualNetworks/workbench-dev-neu-vnet/subnets/zgebs-wb-dev-snet-shared-ne01",
              "/subscriptions/fec1a8c7-3053-43ab-b51d-9fcc38bd9399/resourceGroups/zgebs-workbench-dev-neu-vnet-rg/providers/Microsoft.Network/virtualNetworks/workbench-dev-neu-vnet/subnets/zgebs-wb-dev-snet-webin-ne01",
              "/subscriptions/fec1a8c7-3053-43ab-b51d-9fcc38bd9399/resourceGroups/zgebs-workbench-dev-neu-vnet-rg/providers/Microsoft.Network/virtualNetworks/workbench-dev-neu-vnet/subnets/zgebs-wb-dev-snet-webout-ne01",
              "/subscriptions/fec1a8c7-3053-43ab-b51d-9fcc38bd9399/resourceGroups/zgebs-workbench-dev-neu-vnet-rg/providers/Microsoft.Network/virtualNetworks/workbench-dev-neu-vnet/subnets/zgebs-wb-dey-snet-apim-ne01"
            ],
            "tags": {},
            "timeouts": null
          },
          "sensitive_attributes": [],
          "private": "eyJlMmJmYjczMC1lY2FhLTExZTYtOGY4OC0zNDM2M2JjN2M0YzAiOnsiY3JlYXRlIjoxODAwMDAwMDAwMDAwLCJkZWxldGUiOjE4MDAwMDAwMDAwMDAsInJlYWQiOjMwMDAwMDAwMDAwMCwidXBkYXRlIjoxODAwMDAwMDAwMDAwfX0=",
          "dependencies": [
            "module.network.azurerm_resource_group.network"
          ]
        }
      ]
    },
    {
      "module": "module.network",
      "mode": "managed",
      "type": "azurerm_subnet",
      "name": "snet_apim",
      "provider": "provider[\"registry.terraform.io/hashicorp/azurerm\"]",
      "instances": [
        {
          "schema_version": 0,
          "attributes": {
            "address_prefixes": [
              "10.0.0.0/24"
            ],
            "delegation": [],
            "enforce_private_link_endpoint_network_policies": true,
            "enforce_private_link_service_network_policies": false,
            "id": "/subscriptions/fec1a8c7-3053-43ab-b51d-9fcc38bd9399/resourceGroups/zgebs-workbench-dev-neu-vnet-rg/providers/Microsoft.Network/virtualNetworks/workbench-dev-neu-vnet/subnets/zgebs-wb-dey-snet-apim-ne01",
            "name": "zgebs-wb-dey-snet-apim-ne01",
            "private_endpoint_network_policies_enabled": false,
            "private_link_service_network_policies_enabled": true,
            "resource_group_name": "zgebs-workbench-dev-neu-vnet-rg",
            "service_endpoint_policy_ids": [],
            "service_endpoints": [],
            "timeouts": null,
            "virtual_network_name": "workbench-dev-neu-vnet"
          },
          "sensitive_attributes": [],
          "private": "eyJlMmJmYjczMC1lY2FhLTExZTYtOGY4OC0zNDM2M2JjN2M0YzAiOnsiY3JlYXRlIjoxODAwMDAwMDAwMDAwLCJkZWxldGUiOjE4MDAwMDAwMDAwMDAsInJlYWQiOjMwMDAwMDAwMDAwMCwidXBkYXRlIjoxODAwMDAwMDAwMDAwfX0=",
          "dependencies": [
            "module.network.azurerm_resource_group.network",
            "module.network.azurerm_virtual_network.vnet"
          ]
        }
      ]
    },
    {
      "module": "module.network",
      "mode": "managed",
      "type": "azurerm_subnet",
      "name": "snet_shared",
      "provider": "provider[\"registry.terraform.io/hashicorp/azurerm\"]",
      "instances": [
        {
          "schema_version": 0,
          "attributes": {
            "address_prefixes": [
              "10.0.2.0/24"
            ],
            "delegation": [],
            "enforce_private_link_endpoint_network_policies": true,
            "enforce_private_link_service_network_policies": false,
            "id": "/subscriptions/fec1a8c7-3053-43ab-b51d-9fcc38bd9399/resourceGroups/zgebs-workbench-dev-neu-vnet-rg/providers/Microsoft.Network/virtualNetworks/workbench-dev-neu-vnet/subnets/zgebs-wb-dev-snet-shared-ne01",
            "name": "zgebs-wb-dev-snet-shared-ne01",
            "private_endpoint_network_policies_enabled": false,
            "private_link_service_network_policies_enabled": true,
            "resource_group_name": "zgebs-workbench-dev-neu-vnet-rg",
            "service_endpoint_policy_ids": [],
            "service_endpoints": [],
            "timeouts": null,
            "virtual_network_name": "workbench-dev-neu-vnet"
          },
          "sensitive_attributes": [],
          "private": "eyJlMmJmYjczMC1lY2FhLTExZTYtOGY4OC0zNDM2M2JjN2M0YzAiOnsiY3JlYXRlIjoxODAwMDAwMDAwMDAwLCJkZWxldGUiOjE4MDAwMDAwMDAwMDAsInJlYWQiOjMwMDAwMDAwMDAwMCwidXBkYXRlIjoxODAwMDAwMDAwMDAwfX0=",
          "dependencies": [
            "module.network.azurerm_resource_group.network",
            "module.network.azurerm_virtual_network.vnet"
          ]
        }
      ]
    },
    {
      "module": "module.network",
      "mode": "managed",
      "type": "azurerm_subnet",
      "name": "snet_webin",
      "provider": "provider[\"registry.terraform.io/hashicorp/azurerm\"]",
      "instances": [
        {
          "schema_version": 0,
          "attributes": {
            "address_prefixes": [
              "10.0.4.0/24"
            ],
            "delegation": [],
            "enforce_private_link_endpoint_network_policies": true,
            "enforce_private_link_service_network_policies": false,
            "id": "/subscriptions/fec1a8c7-3053-43ab-b51d-9fcc38bd9399/resourceGroups/zgebs-workbench-dev-neu-vnet-rg/providers/Microsoft.Network/virtualNetworks/workbench-dev-neu-vnet/subnets/zgebs-wb-dev-snet-webin-ne01",
            "name": "zgebs-wb-dev-snet-webin-ne01",
            "private_endpoint_network_policies_enabled": false,
            "private_link_service_network_policies_enabled": true,
            "resource_group_name": "zgebs-workbench-dev-neu-vnet-rg",
            "service_endpoint_policy_ids": [],
            "service_endpoints": [
              "Microsoft.Web"
            ],
            "timeouts": null,
            "virtual_network_name": "workbench-dev-neu-vnet"
          },
          "sensitive_attributes": [],
          "private": "eyJlMmJmYjczMC1lY2FhLTExZTYtOGY4OC0zNDM2M2JjN2M0YzAiOnsiY3JlYXRlIjoxODAwMDAwMDAwMDAwLCJkZWxldGUiOjE4MDAwMDAwMDAwMDAsInJlYWQiOjMwMDAwMDAwMDAwMCwidXBkYXRlIjoxODAwMDAwMDAwMDAwfX0=",
          "dependencies": [
            "module.network.azurerm_resource_group.network",
            "module.network.azurerm_virtual_network.vnet"
          ]
        }
      ]
    },
    {
      "module": "module.network",
      "mode": "managed",
      "type": "azurerm_subnet",
      "name": "snet_webout",
      "provider": "provider[\"registry.terraform.io/hashicorp/azurerm\"]",
      "instances": [
        {
          "schema_version": 0,
          "attributes": {
            "address_prefixes": [
              "10.0.5.0/24"
            ],
            "delegation": [
              {
                "name": "delegation",
                "service_delegation": [
                  {
                    "actions": [
                      "Microsoft.Network/virtualNetworks/subnets/action"
                    ],
                    "name": "Microsoft.Web/serverFarms"
                  }
                ]
              }
            ],
            "enforce_private_link_endpoint_network_policies": true,
            "enforce_private_link_service_network_policies": false,
            "id": "/subscriptions/fec1a8c7-3053-43ab-b51d-9fcc38bd9399/resourceGroups/zgebs-workbench-dev-neu-vnet-rg/providers/Microsoft.Network/virtualNetworks/workbench-dev-neu-vnet/subnets/zgebs-wb-dev-snet-webout-ne01",
            "name": "zgebs-wb-dev-snet-webout-ne01",
            "private_endpoint_network_policies_enabled": false,
            "private_link_service_network_policies_enabled": true,
            "resource_group_name": "zgebs-workbench-dev-neu-vnet-rg",
            "service_endpoint_policy_ids": [],
            "service_endpoints": [],
            "timeouts": null,
            "virtual_network_name": "workbench-dev-neu-vnet"
          },
          "sensitive_attributes": [],
          "private": "eyJlMmJmYjczMC1lY2FhLTExZTYtOGY4OC0zNDM2M2JjN2M0YzAiOnsiY3JlYXRlIjoxODAwMDAwMDAwMDAwLCJkZWxldGUiOjE4MDAwMDAwMDAwMDAsInJlYWQiOjMwMDAwMDAwMDAwMCwidXBkYXRlIjoxODAwMDAwMDAwMDAwfX0=",
          "dependencies": [
            "module.network.azurerm_resource_group.network",
            "module.network.azurerm_virtual_network.vnet"
          ]
        }
      ]
    },
    {
      "module": "module.network",
      "mode": "managed",
      "type": "azurerm_subnet_network_security_group_association",
      "name": "snsg",
      "provider": "provider[\"registry.terraform.io/hashicorp/azurerm\"]",
      "instances": [
        {
          "schema_version": 0,
          "attributes": {
            "id": "/subscriptions/fec1a8c7-3053-43ab-b51d-9fcc38bd9399/resourceGroups/zgebs-workbench-dev-neu-vnet-rg/providers/Microsoft.Network/virtualNetworks/workbench-dev-neu-vnet/subnets/zgebs-wb-dev-snet-shared-ne01",
            "network_security_group_id": "/subscriptions/fec1a8c7-3053-43ab-b51d-9fcc38bd9399/resourceGroups/zgebs-workbench-dev-neu-vnet-rg/providers/Microsoft.Network/networkSecurityGroups/workbench-dev-neu-vnet-nsg1",
            "subnet_id": "/subscriptions/fec1a8c7-3053-43ab-b51d-9fcc38bd9399/resourceGroups/zgebs-workbench-dev-neu-vnet-rg/providers/Microsoft.Network/virtualNetworks/workbench-dev-neu-vnet/subnets/zgebs-wb-dev-snet-shared-ne01",
            "timeouts": null
          },
          "sensitive_attributes": [],
          "private": "eyJlMmJmYjczMC1lY2FhLTExZTYtOGY4OC0zNDM2M2JjN2M0YzAiOnsiY3JlYXRlIjoxODAwMDAwMDAwMDAwLCJkZWxldGUiOjE4MDAwMDAwMDAwMDAsInJlYWQiOjMwMDAwMDAwMDAwMCwidXBkYXRlIjoxODAwMDAwMDAwMDAwfX0=",
          "dependencies": [
            "module.network.azurerm_network_security_group.nsg",
            "module.network.azurerm_resource_group.network",
            "module.network.azurerm_subnet.snet_shared",
            "module.network.azurerm_virtual_network.vnet"
          ]
        }
      ]
    },
    {
      "module": "module.network",
      "mode": "managed",
      "type": "azurerm_subnet_network_security_group_association",
      "name": "snsg_apim",
      "provider": "provider[\"registry.terraform.io/hashicorp/azurerm\"]",
      "instances": [
        {
          "schema_version": 0,
          "attributes": {
            "id": "/subscriptions/fec1a8c7-3053-43ab-b51d-9fcc38bd9399/resourceGroups/zgebs-workbench-dev-neu-vnet-rg/providers/Microsoft.Network/virtualNetworks/workbench-dev-neu-vnet/subnets/zgebs-wb-dey-snet-apim-ne01",
            "network_security_group_id": "/subscriptions/fec1a8c7-3053-43ab-b51d-9fcc38bd9399/resourceGroups/zgebs-workbench-dev-neu-vnet-rg/providers/Microsoft.Network/networkSecurityGroups/workbench-dev-neu-vnet-nsg1",
            "subnet_id": "/subscriptions/fec1a8c7-3053-43ab-b51d-9fcc38bd9399/resourceGroups/zgebs-workbench-dev-neu-vnet-rg/providers/Microsoft.Network/virtualNetworks/workbench-dev-neu-vnet/subnets/zgebs-wb-dey-snet-apim-ne01",
            "timeouts": null
          },
          "sensitive_attributes": [],
          "private": "eyJlMmJmYjczMC1lY2FhLTExZTYtOGY4OC0zNDM2M2JjN2M0YzAiOnsiY3JlYXRlIjoxODAwMDAwMDAwMDAwLCJkZWxldGUiOjE4MDAwMDAwMDAwMDAsInJlYWQiOjMwMDAwMDAwMDAwMCwidXBkYXRlIjoxODAwMDAwMDAwMDAwfX0=",
          "dependencies": [
            "module.network.azurerm_network_security_group.nsg",
            "module.network.azurerm_resource_group.network",
            "module.network.azurerm_subnet.snet_apim",
            "module.network.azurerm_virtual_network.vnet"
          ]
        }
      ]
    },
    {
      "module": "module.network",
      "mode": "managed",
      "type": "azurerm_subnet_network_security_group_association",
      "name": "snsg_webin",
      "provider": "provider[\"registry.terraform.io/hashicorp/azurerm\"]",
      "instances": [
        {
          "schema_version": 0,
          "attributes": {
            "id": "/subscriptions/fec1a8c7-3053-43ab-b51d-9fcc38bd9399/resourceGroups/zgebs-workbench-dev-neu-vnet-rg/providers/Microsoft.Network/virtualNetworks/workbench-dev-neu-vnet/subnets/zgebs-wb-dev-snet-webin-ne01",
            "network_security_group_id": "/subscriptions/fec1a8c7-3053-43ab-b51d-9fcc38bd9399/resourceGroups/zgebs-workbench-dev-neu-vnet-rg/providers/Microsoft.Network/networkSecurityGroups/workbench-dev-neu-vnet-nsg1",
            "subnet_id": "/subscriptions/fec1a8c7-3053-43ab-b51d-9fcc38bd9399/resourceGroups/zgebs-workbench-dev-neu-vnet-rg/providers/Microsoft.Network/virtualNetworks/workbench-dev-neu-vnet/subnets/zgebs-wb-dev-snet-webin-ne01",
            "timeouts": null
          },
          "sensitive_attributes": [],
          "private": "eyJlMmJmYjczMC1lY2FhLTExZTYtOGY4OC0zNDM2M2JjN2M0YzAiOnsiY3JlYXRlIjoxODAwMDAwMDAwMDAwLCJkZWxldGUiOjE4MDAwMDAwMDAwMDAsInJlYWQiOjMwMDAwMDAwMDAwMCwidXBkYXRlIjoxODAwMDAwMDAwMDAwfX0=",
          "dependencies": [
            "module.network.azurerm_network_security_group.nsg",
            "module.network.azurerm_resource_group.network",
            "module.network.azurerm_subnet.snet_webin",
            "module.network.azurerm_virtual_network.vnet"
          ]
        }
      ]
    },
    {
      "module": "module.network",
      "mode": "managed",
      "type": "azurerm_subnet_network_security_group_association",
      "name": "snsg_webout",
      "provider": "provider[\"registry.terraform.io/hashicorp/azurerm\"]",
      "instances": [
        {
          "schema_version": 0,
          "attributes": {
            "id": "/subscriptions/fec1a8c7-3053-43ab-b51d-9fcc38bd9399/resourceGroups/zgebs-workbench-dev-neu-vnet-rg/providers/Microsoft.Network/virtualNetworks/workbench-dev-neu-vnet/subnets/zgebs-wb-dev-snet-webout-ne01",
            "network_security_group_id": "/subscriptions/fec1a8c7-3053-43ab-b51d-9fcc38bd9399/resourceGroups/zgebs-workbench-dev-neu-vnet-rg/providers/Microsoft.Network/networkSecurityGroups/workbench-dev-neu-vnet-nsg1",
            "subnet_id": "/subscriptions/fec1a8c7-3053-43ab-b51d-9fcc38bd9399/resourceGroups/zgebs-workbench-dev-neu-vnet-rg/providers/Microsoft.Network/virtualNetworks/workbench-dev-neu-vnet/subnets/zgebs-wb-dev-snet-webout-ne01",
            "timeouts": null
          },
          "sensitive_attributes": [],
          "private": "eyJlMmJmYjczMC1lY2FhLTExZTYtOGY4OC0zNDM2M2JjN2M0YzAiOnsiY3JlYXRlIjoxODAwMDAwMDAwMDAwLCJkZWxldGUiOjE4MDAwMDAwMDAwMDAsInJlYWQiOjMwMDAwMDAwMDAwMCwidXBkYXRlIjoxODAwMDAwMDAwMDAwfX0=",
          "dependencies": [
            "module.network.azurerm_network_security_group.nsg",
            "module.network.azurerm_resource_group.network",
            "module.network.azurerm_subnet.snet_webout",
            "module.network.azurerm_virtual_network.vnet"
          ]
        }
      ]
    },
    {
      "module": "module.network",
      "mode": "managed",
      "type": "azurerm_subnet_route_table_association",
      "name": "srt",
      "provider": "provider[\"registry.terraform.io/hashicorp/azurerm\"]",
      "instances": [
        {
          "schema_version": 0,
          "attributes": {
            "id": "/subscriptions/fec1a8c7-3053-43ab-b51d-9fcc38bd9399/resourceGroups/zgebs-workbench-dev-neu-vnet-rg/providers/Microsoft.Network/virtualNetworks/workbench-dev-neu-vnet/subnets/zgebs-wb-dev-snet-shared-ne01",
            "route_table_id": "/subscriptions/fec1a8c7-3053-43ab-b51d-9fcc38bd9399/resourceGroups/zgebs-workbench-dev-neu-vnet-rg/providers/Microsoft.Network/routeTables/workbench-dev-neu-vnet-rt1",
            "subnet_id": "/subscriptions/fec1a8c7-3053-43ab-b51d-9fcc38bd9399/resourceGroups/zgebs-workbench-dev-neu-vnet-rg/providers/Microsoft.Network/virtualNetworks/workbench-dev-neu-vnet/subnets/zgebs-wb-dev-snet-shared-ne01",
            "timeouts": null
          },
          "sensitive_attributes": [],
          "private": "eyJlMmJmYjczMC1lY2FhLTExZTYtOGY4OC0zNDM2M2JjN2M0YzAiOnsiY3JlYXRlIjoxODAwMDAwMDAwMDAwLCJkZWxldGUiOjE4MDAwMDAwMDAwMDAsInJlYWQiOjMwMDAwMDAwMDAwMCwidXBkYXRlIjoxODAwMDAwMDAwMDAwfX0=",
          "dependencies": [
            "module.network.azurerm_resource_group.network",
            "module.network.azurerm_route_table.rt",
            "module.network.azurerm_subnet.snet_shared",
            "module.network.azurerm_virtual_network.vnet"
          ]
        }
      ]
    },
    {
      "module": "module.network",
      "mode": "managed",
      "type": "azurerm_subnet_route_table_association",
      "name": "srt_apim",
      "provider": "provider[\"registry.terraform.io/hashicorp/azurerm\"]",
      "instances": [
        {
          "schema_version": 0,
          "attributes": {
            "id": "/subscriptions/fec1a8c7-3053-43ab-b51d-9fcc38bd9399/resourceGroups/zgebs-workbench-dev-neu-vnet-rg/providers/Microsoft.Network/virtualNetworks/workbench-dev-neu-vnet/subnets/zgebs-wb-dey-snet-apim-ne01",
            "route_table_id": "/subscriptions/fec1a8c7-3053-43ab-b51d-9fcc38bd9399/resourceGroups/zgebs-workbench-dev-neu-vnet-rg/providers/Microsoft.Network/routeTables/workbench-dev-neu-vnet-rt1",
            "subnet_id": "/subscriptions/fec1a8c7-3053-43ab-b51d-9fcc38bd9399/resourceGroups/zgebs-workbench-dev-neu-vnet-rg/providers/Microsoft.Network/virtualNetworks/workbench-dev-neu-vnet/subnets/zgebs-wb-dey-snet-apim-ne01",
            "timeouts": null
          },
          "sensitive_attributes": [],
          "private": "eyJlMmJmYjczMC1lY2FhLTExZTYtOGY4OC0zNDM2M2JjN2M0YzAiOnsiY3JlYXRlIjoxODAwMDAwMDAwMDAwLCJkZWxldGUiOjE4MDAwMDAwMDAwMDAsInJlYWQiOjMwMDAwMDAwMDAwMCwidXBkYXRlIjoxODAwMDAwMDAwMDAwfX0=",
          "dependencies": [
            "module.network.azurerm_resource_group.network",
            "module.network.azurerm_route_table.rt",
            "module.network.azurerm_subnet.snet_apim",
            "module.network.azurerm_virtual_network.vnet"
          ]
        }
      ]
    },
    {
      "module": "module.network",
      "mode": "managed",
      "type": "azurerm_subnet_route_table_association",
      "name": "srt_webin",
      "provider": "provider[\"registry.terraform.io/hashicorp/azurerm\"]",
      "instances": [
        {
          "schema_version": 0,
          "attributes": {
            "id": "/subscriptions/fec1a8c7-3053-43ab-b51d-9fcc38bd9399/resourceGroups/zgebs-workbench-dev-neu-vnet-rg/providers/Microsoft.Network/virtualNetworks/workbench-dev-neu-vnet/subnets/zgebs-wb-dev-snet-webin-ne01",
            "route_table_id": "/subscriptions/fec1a8c7-3053-43ab-b51d-9fcc38bd9399/resourceGroups/zgebs-workbench-dev-neu-vnet-rg/providers/Microsoft.Network/routeTables/workbench-dev-neu-vnet-rt1",
            "subnet_id": "/subscriptions/fec1a8c7-3053-43ab-b51d-9fcc38bd9399/resourceGroups/zgebs-workbench-dev-neu-vnet-rg/providers/Microsoft.Network/virtualNetworks/workbench-dev-neu-vnet/subnets/zgebs-wb-dev-snet-webin-ne01",
            "timeouts": null
          },
          "sensitive_attributes": [],
          "private": "eyJlMmJmYjczMC1lY2FhLTExZTYtOGY4OC0zNDM2M2JjN2M0YzAiOnsiY3JlYXRlIjoxODAwMDAwMDAwMDAwLCJkZWxldGUiOjE4MDAwMDAwMDAwMDAsInJlYWQiOjMwMDAwMDAwMDAwMCwidXBkYXRlIjoxODAwMDAwMDAwMDAwfX0=",
          "dependencies": [
            "module.network.azurerm_resource_group.network",
            "module.network.azurerm_route_table.rt",
            "module.network.azurerm_subnet.snet_webin",
            "module.network.azurerm_virtual_network.vnet"
          ]
        }
      ]
    },
    {
      "module": "module.network",
      "mode": "managed",
      "type": "azurerm_subnet_route_table_association",
      "name": "srt_webout",
      "provider": "provider[\"registry.terraform.io/hashicorp/azurerm\"]",
      "instances": [
        {
          "schema_version": 0,
          "attributes": {
            "id": "/subscriptions/fec1a8c7-3053-43ab-b51d-9fcc38bd9399/resourceGroups/zgebs-workbench-dev-neu-vnet-rg/providers/Microsoft.Network/virtualNetworks/workbench-dev-neu-vnet/subnets/zgebs-wb-dev-snet-webout-ne01",
            "route_table_id": "/subscriptions/fec1a8c7-3053-43ab-b51d-9fcc38bd9399/resourceGroups/zgebs-workbench-dev-neu-vnet-rg/providers/Microsoft.Network/routeTables/workbench-dev-neu-vnet-rt1",
            "subnet_id": "/subscriptions/fec1a8c7-3053-43ab-b51d-9fcc38bd9399/resourceGroups/zgebs-workbench-dev-neu-vnet-rg/providers/Microsoft.Network/virtualNetworks/workbench-dev-neu-vnet/subnets/zgebs-wb-dev-snet-webout-ne01",
            "timeouts": null
          },
          "sensitive_attributes": [],
          "private": "eyJlMmJmYjczMC1lY2FhLTExZTYtOGY4OC0zNDM2M2JjN2M0YzAiOnsiY3JlYXRlIjoxODAwMDAwMDAwMDAwLCJkZWxldGUiOjE4MDAwMDAwMDAwMDAsInJlYWQiOjMwMDAwMDAwMDAwMCwidXBkYXRlIjoxODAwMDAwMDAwMDAwfX0=",
          "dependencies": [
            "module.network.azurerm_resource_group.network",
            "module.network.azurerm_route_table.rt",
            "module.network.azurerm_subnet.snet_webout",
            "module.network.azurerm_virtual_network.vnet"
          ]
        }
      ]
    },
    {
      "module": "module.network",
      "mode": "managed",
      "type": "azurerm_virtual_network",
      "name": "vnet",
      "provider": "provider[\"registry.terraform.io/hashicorp/azurerm\"]",
      "instances": [
        {
          "schema_version": 0,
          "attributes": {
            "address_space": [
              "10.0.0.0/16"
            ],
            "bgp_community": "",
            "ddos_protection_plan": [],
            "dns_servers": [],
            "edge_zone": "",
            "flow_timeout_in_minutes": 0,
            "guid": "41955335-399b-412d-b215-9cf89e151005",
            "id": "/subscriptions/fec1a8c7-3053-43ab-b51d-9fcc38bd9399/resourceGroups/zgebs-workbench-dev-neu-vnet-rg/providers/Microsoft.Network/virtualNetworks/workbench-dev-neu-vnet",
            "location": "northeurope",
            "name": "workbench-dev-neu-vnet",
            "resource_group_name": "zgebs-workbench-dev-neu-vnet-rg",
            "subnet": [
              {
                "address_prefix": "10.0.0.0/24",
                "id": "/subscriptions/fec1a8c7-3053-43ab-b51d-9fcc38bd9399/resourceGroups/zgebs-workbench-dev-neu-vnet-rg/providers/Microsoft.Network/virtualNetworks/workbench-dev-neu-vnet/subnets/zgebs-wb-dey-snet-apim-ne01",
                "name": "zgebs-wb-dey-snet-apim-ne01",
                "security_group": "/subscriptions/fec1a8c7-3053-43ab-b51d-9fcc38bd9399/resourceGroups/zgebs-workbench-dev-neu-vnet-rg/providers/Microsoft.Network/networkSecurityGroups/workbench-dev-neu-vnet-nsg1"
              },
              {
                "address_prefix": "10.0.2.0/24",
                "id": "/subscriptions/fec1a8c7-3053-43ab-b51d-9fcc38bd9399/resourceGroups/zgebs-workbench-dev-neu-vnet-rg/providers/Microsoft.Network/virtualNetworks/workbench-dev-neu-vnet/subnets/zgebs-wb-dev-snet-shared-ne01",
                "name": "zgebs-wb-dev-snet-shared-ne01",
                "security_group": "/subscriptions/fec1a8c7-3053-43ab-b51d-9fcc38bd9399/resourceGroups/zgebs-workbench-dev-neu-vnet-rg/providers/Microsoft.Network/networkSecurityGroups/workbench-dev-neu-vnet-nsg1"
              },
              {
                "address_prefix": "10.0.4.0/24",
                "id": "/subscriptions/fec1a8c7-3053-43ab-b51d-9fcc38bd9399/resourceGroups/zgebs-workbench-dev-neu-vnet-rg/providers/Microsoft.Network/virtualNetworks/workbench-dev-neu-vnet/subnets/zgebs-wb-dev-snet-webin-ne01",
                "name": "zgebs-wb-dev-snet-webin-ne01",
                "security_group": "/subscriptions/fec1a8c7-3053-43ab-b51d-9fcc38bd9399/resourceGroups/zgebs-workbench-dev-neu-vnet-rg/providers/Microsoft.Network/networkSecurityGroups/workbench-dev-neu-vnet-nsg1"
              },
              {
                "address_prefix": "10.0.5.0/24",
                "id": "/subscriptions/fec1a8c7-3053-43ab-b51d-9fcc38bd9399/resourceGroups/zgebs-workbench-dev-neu-vnet-rg/providers/Microsoft.Network/virtualNetworks/workbench-dev-neu-vnet/subnets/zgebs-wb-dev-snet-webout-ne01",
                "name": "zgebs-wb-dev-snet-webout-ne01",
                "security_group": "/subscriptions/fec1a8c7-3053-43ab-b51d-9fcc38bd9399/resourceGroups/zgebs-workbench-dev-neu-vnet-rg/providers/Microsoft.Network/networkSecurityGroups/workbench-dev-neu-vnet-nsg1"
              }
            ],
            "tags": {},
            "timeouts": null
          },
          "sensitive_attributes": [],
          "private": "eyJlMmJmYjczMC1lY2FhLTExZTYtOGY4OC0zNDM2M2JjN2M0YzAiOnsiY3JlYXRlIjoxODAwMDAwMDAwMDAwLCJkZWxldGUiOjE4MDAwMDAwMDAwMDAsInJlYWQiOjMwMDAwMDAwMDAwMCwidXBkYXRlIjoxODAwMDAwMDAwMDAwfX0=",
          "dependencies": [
            "module.network.azurerm_resource_group.network"
          ]
        }
      ]
    },
    {
      "module": "module.storage[\"blob_container_1\"]",
      "mode": "managed",
      "type": "azurerm_resource_group",
      "name": "storage",
      "provider": "provider[\"registry.terraform.io/hashicorp/azurerm\"]",
      "instances": [
        {
          "schema_version": 0,
          "attributes": {
            "id": "/subscriptions/fec1a8c7-3053-43ab-b51d-9fcc38bd9399/resourceGroups/zgebs-workbench-dev-storage-rg",
            "location": "northeurope",
            "name": "zgebs-workbench-dev-storage-rg",
            "tags": {},
            "timeouts": null
          },
          "sensitive_attributes": [],
          "private": "eyJlMmJmYjczMC1lY2FhLTExZTYtOGY4OC0zNDM2M2JjN2M0YzAiOnsiY3JlYXRlIjo1NDAwMDAwMDAwMDAwLCJkZWxldGUiOjU0MDAwMDAwMDAwMDAsInJlYWQiOjMwMDAwMDAwMDAwMCwidXBkYXRlIjo1NDAwMDAwMDAwMDAwfX0="
        }
      ]
    },
    {
      "module": "module.storage[\"blob_container_1\"]",
      "mode": "managed",
      "type": "azurerm_storage_container",
      "name": "storage",
      "provider": "provider[\"registry.terraform.io/hashicorp/azurerm\"]",
      "instances": []
    },
    {
      "module": "module.storage[\"blob_container_2\"]",
      "mode": "managed",
      "type": "azurerm_resource_group",
      "name": "storage",
      "provider": "provider[\"registry.terraform.io/hashicorp/azurerm\"]",
      "instances": [
        {
          "schema_version": 0,
          "attributes": {
            "id": "/subscriptions/fec1a8c7-3053-43ab-b51d-9fcc38bd9399/resourceGroups/zgebs-workbench-dev-storage-rg",
            "location": "northeurope",
            "name": "zgebs-workbench-dev-storage-rg",
            "tags": {},
            "timeouts": null
          },
          "sensitive_attributes": [],
          "private": "eyJlMmJmYjczMC1lY2FhLTExZTYtOGY4OC0zNDM2M2JjN2M0YzAiOnsiY3JlYXRlIjo1NDAwMDAwMDAwMDAwLCJkZWxldGUiOjU0MDAwMDAwMDAwMDAsInJlYWQiOjMwMDAwMDAwMDAwMCwidXBkYXRlIjo1NDAwMDAwMDAwMDAwfX0="
        }
      ]
    },
    {
      "module": "module.storage[\"blob_container_2\"]",
      "mode": "managed",
      "type": "azurerm_storage_container",
      "name": "storage",
      "provider": "provider[\"registry.terraform.io/hashicorp/azurerm\"]",
      "instances": []
    },
    {
      "module": "module.storage[\"blob_container_3\"]",
      "mode": "managed",
      "type": "azurerm_resource_group",
      "name": "storage",
      "provider": "provider[\"registry.terraform.io/hashicorp/azurerm\"]",
      "instances": [
        {
          "schema_version": 0,
          "attributes": {
            "id": "/subscriptions/fec1a8c7-3053-43ab-b51d-9fcc38bd9399/resourceGroups/zgebs-workbench-dev-storage-rg",
            "location": "northeurope",
            "name": "zgebs-workbench-dev-storage-rg",
            "tags": {},
            "timeouts": null
          },
          "sensitive_attributes": [],
          "private": "eyJlMmJmYjczMC1lY2FhLTExZTYtOGY4OC0zNDM2M2JjN2M0YzAiOnsiY3JlYXRlIjo1NDAwMDAwMDAwMDAwLCJkZWxldGUiOjU0MDAwMDAwMDAwMDAsInJlYWQiOjMwMDAwMDAwMDAwMCwidXBkYXRlIjo1NDAwMDAwMDAwMDAwfX0="
        }
      ]
    },
    {
      "module": "module.storage[\"blob_container_3\"]",
      "mode": "managed",
      "type": "azurerm_storage_container",
      "name": "storage",
      "provider": "provider[\"registry.terraform.io/hashicorp/azurerm\"]",
      "instances": []
    },
    {
      "module": "module.storage[\"blob_container_4\"]",
      "mode": "managed",
      "type": "azurerm_resource_group",
      "name": "storage",
      "provider": "provider[\"registry.terraform.io/hashicorp/azurerm\"]",
      "instances": [
        {
          "schema_version": 0,
          "attributes": {
            "id": "/subscriptions/fec1a8c7-3053-43ab-b51d-9fcc38bd9399/resourceGroups/zgebs-workbench-dev-storage-rg",
            "location": "northeurope",
            "name": "zgebs-workbench-dev-storage-rg",
            "tags": {},
            "timeouts": null
          },
          "sensitive_attributes": [],
          "private": "eyJlMmJmYjczMC1lY2FhLTExZTYtOGY4OC0zNDM2M2JjN2M0YzAiOnsiY3JlYXRlIjo1NDAwMDAwMDAwMDAwLCJkZWxldGUiOjU0MDAwMDAwMDAwMDAsInJlYWQiOjMwMDAwMDAwMDAwMCwidXBkYXRlIjo1NDAwMDAwMDAwMDAwfX0="
        }
      ]
    },
    {
      "module": "module.storage[\"blob_container_4\"]",
      "mode": "managed",
      "type": "azurerm_storage_account",
      "name": "storage",
      "provider": "provider[\"registry.terraform.io/hashicorp/azurerm\"]",
      "instances": [
        {
          "schema_version": 3,
          "attributes": {
            "access_tier": "Hot",
            "account_kind": "StorageV2",
            "account_replication_type": "GRS",
            "account_tier": "Standard",
            "allow_nested_items_to_be_public": false,
            "allowed_copy_scope": "",
            "azure_files_authentication": [],
            "blob_properties": [
              {
                "change_feed_enabled": false,
                "change_feed_retention_in_days": 0,
                "container_delete_retention_policy": [],
                "cors_rule": [],
                "default_service_version": "",
                "delete_retention_policy": [],
                "last_access_time_enabled": false,
                "restore_policy": [],
                "versioning_enabled": false
              }
            ],
            "cross_tenant_replication_enabled": true,
            "custom_domain": [],
            "customer_managed_key": [],
            "default_to_oauth_authentication": false,
            "edge_zone": "",
            "enable_https_traffic_only": true,
            "id": "/subscriptions/fec1a8c7-3053-43ab-b51d-9fcc38bd9399/resourceGroups/zgebs-workbench-dev-storage-rg/providers/Microsoft.Storage/storageAccounts/zgbswbdevstorage1123",
            "identity": [],
            "immutability_policy": [],
            "infrastructure_encryption_enabled": false,
            "is_hns_enabled": false,
            "large_file_share_enabled": null,
            "location": "northeurope",
            "min_tls_version": "TLS1_2",
            "name": "zgbswbdevstorage1123",
            "network_rules": [
              {
                "bypass": [
                  "AzureServices"
                ],
                "default_action": "Allow",
                "ip_rules": [],
                "private_link_access": [],
                "virtual_network_subnet_ids": []
              }
            ],
            "nfsv3_enabled": false,
            "primary_access_key": "w8jFQfPTITOtyyl/I9AZu1rQvtUFgMxV6UIacQcUR4yw/RtLqvuAZmKd0o6KgUIsAleS1Sr+wpJd+AStsjHInA==",
            "primary_blob_connection_string": "DefaultEndpointsProtocol=https;BlobEndpoint=https://zgbswbdevstorage1123.blob.core.windows.net/;AccountName=zgbswbdevstorage1123;AccountKey=w8jFQfPTITOtyyl/I9AZu1rQvtUFgMxV6UIacQcUR4yw/RtLqvuAZmKd0o6KgUIsAleS1Sr+wpJd+AStsjHInA==",
            "primary_blob_endpoint": "https://zgbswbdevstorage1123.blob.core.windows.net/",
            "primary_blob_host": "zgbswbdevstorage1123.blob.core.windows.net",
            "primary_connection_string": "DefaultEndpointsProtocol=https;AccountName=zgbswbdevstorage1123;AccountKey=w8jFQfPTITOtyyl/I9AZu1rQvtUFgMxV6UIacQcUR4yw/RtLqvuAZmKd0o6KgUIsAleS1Sr+wpJd+AStsjHInA==;EndpointSuffix=core.windows.net",
            "primary_dfs_endpoint": "https://zgbswbdevstorage1123.dfs.core.windows.net/",
            "primary_dfs_host": "zgbswbdevstorage1123.dfs.core.windows.net",
            "primary_file_endpoint": "https://zgbswbdevstorage1123.file.core.windows.net/",
            "primary_file_host": "zgbswbdevstorage1123.file.core.windows.net",
            "primary_location": "northeurope",
            "primary_queue_endpoint": "https://zgbswbdevstorage1123.queue.core.windows.net/",
            "primary_queue_host": "zgbswbdevstorage1123.queue.core.windows.net",
            "primary_table_endpoint": "https://zgbswbdevstorage1123.table.core.windows.net/",
            "primary_table_host": "zgbswbdevstorage1123.table.core.windows.net",
            "primary_web_endpoint": "https://zgbswbdevstorage1123.z16.web.core.windows.net/",
            "primary_web_host": "zgbswbdevstorage1123.z16.web.core.windows.net",
            "public_network_access_enabled": false,
            "queue_encryption_key_type": "Service",
            "queue_properties": [
              {
                "cors_rule": [],
                "hour_metrics": [
                  {
                    "enabled": true,
                    "include_apis": true,
                    "retention_policy_days": 7,
                    "version": "1.0"
                  }
                ],
                "logging": [
                  {
                    "delete": false,
                    "read": false,
                    "retention_policy_days": 0,
                    "version": "1.0",
                    "write": false
                  }
                ],
                "minute_metrics": [
                  {
                    "enabled": false,
                    "include_apis": false,
                    "retention_policy_days": 0,
                    "version": "1.0"
                  }
                ]
              }
            ],
            "resource_group_name": "zgebs-workbench-dev-storage-rg",
            "routing": [],
            "sas_policy": [],
            "secondary_access_key": "9S7xen3fTVL1S6SJ0qrmvHloYKjkzeFcX4pz7GMFg9AWuX6D74xjL3VB6+pKxUI0PK6e6+nBWKeo+AStK2K+Bw==",
            "secondary_blob_connection_string": "",
            "secondary_blob_endpoint": null,
            "secondary_blob_host": null,
            "secondary_connection_string": "DefaultEndpointsProtocol=https;AccountName=zgbswbdevstorage1123;AccountKey=9S7xen3fTVL1S6SJ0qrmvHloYKjkzeFcX4pz7GMFg9AWuX6D74xjL3VB6+pKxUI0PK6e6+nBWKeo+AStK2K+Bw==;EndpointSuffix=core.windows.net",
            "secondary_dfs_endpoint": null,
            "secondary_dfs_host": null,
            "secondary_file_endpoint": null,
            "secondary_file_host": null,
            "secondary_location": "westeurope",
            "secondary_queue_endpoint": null,
            "secondary_queue_host": null,
            "secondary_table_endpoint": null,
            "secondary_table_host": null,
            "secondary_web_endpoint": null,
            "secondary_web_host": null,
            "sftp_enabled": false,
            "share_properties": [
              {
                "cors_rule": [],
                "retention_policy": [
                  {
                    "days": 7
                  }
                ],
                "smb": []
              }
            ],
            "shared_access_key_enabled": true,
            "static_website": [],
            "table_encryption_key_type": "Service",
            "tags": {},
            "timeouts": null
          },
          "sensitive_attributes": [],
          "private": "eyJlMmJmYjczMC1lY2FhLTExZTYtOGY4OC0zNDM2M2JjN2M0YzAiOnsiY3JlYXRlIjozNjAwMDAwMDAwMDAwLCJkZWxldGUiOjM2MDAwMDAwMDAwMDAsInJlYWQiOjMwMDAwMDAwMDAwMCwidXBkYXRlIjozNjAwMDAwMDAwMDAwfSwic2NoZW1hX3ZlcnNpb24iOiIzIn0=",
          "dependencies": [
            "module.storage.azurerm_resource_group.storage"
          ]
        }
      ]
    },
    {
      "module": "module.storage[\"blob_container_5\"]",
      "mode": "managed",
      "type": "azurerm_resource_group",
      "name": "storage",
      "provider": "provider[\"registry.terraform.io/hashicorp/azurerm\"]",
      "instances": [
        {
          "schema_version": 0,
          "attributes": {
            "id": "/subscriptions/fec1a8c7-3053-43ab-b51d-9fcc38bd9399/resourceGroups/zgebs-workbench-dev-storage-rg",
            "location": "northeurope",
            "name": "zgebs-workbench-dev-storage-rg",
            "tags": {},
            "timeouts": null
          },
          "sensitive_attributes": [],
          "private": "eyJlMmJmYjczMC1lY2FhLTExZTYtOGY4OC0zNDM2M2JjN2M0YzAiOnsiY3JlYXRlIjo1NDAwMDAwMDAwMDAwLCJkZWxldGUiOjU0MDAwMDAwMDAwMDAsInJlYWQiOjMwMDAwMDAwMDAwMCwidXBkYXRlIjo1NDAwMDAwMDAwMDAwfX0="
        }
      ]
    },
    {
      "module": "module.storage[\"blob_container_5\"]",
      "mode": "managed",
      "type": "azurerm_storage_container",
      "name": "storage",
      "provider": "provider[\"registry.terraform.io/hashicorp/azurerm\"]",
      "instances": []
    }
  ],
  "check_results": []
}
